// !$*UTF8*$!
{
	archiveVersion = 1;
	classes = {
	};
	objectVersion = 55;
	objects = {

/* Begin PBXBuildFile section */
		AA69395E2897EBD800395FB9 /* f1.game.2022.07.31.jar in Frameworks */ = {isa = PBXBuildFile; fileRef = AA6939142897EBD800395FB9 /* f1.game.2022.07.31.jar */; };
		AA69397E2897EBD900395FB9 /* Makefile in Sources */ = {isa = PBXBuildFile; fileRef = AA69395B2897EBD800395FB9 /* Makefile */; };
		AA8A5F4228A26F5B0033C2A8 /* Constants$root.java in Sources */ = {isa = PBXBuildFile; fileRef = AA8A5F4128A26F5B0033C2A8 /* Constants$root.java */; };
		AABC17D02897EAF400D65373 /* (null) in Sources */ = {isa = PBXBuildFile; };
/* End PBXBuildFile section */

/* Begin PBXCopyFilesBuildPhase section */
		AABC17CA2897EAF400D65373 /* CopyFiles */ = {
			isa = PBXCopyFilesBuildPhase;
			buildActionMask = 2147483647;
			dstPath = /usr/share/man/man1/;
			dstSubfolderSpec = 0;
			files = (
			);
			runOnlyForDeploymentPostprocessing = 1;
		};
/* End PBXCopyFilesBuildPhase section */

/* Begin PBXFileReference section */
		AA6938D72897EBD800395FB9 /* README.md */ = {isa = PBXFileReference; fileEncoding = 4; lastKnownFileType = net.daringfireball.markdown; path = README.md; sourceTree = "<group>"; };
		AA6938DF2897EBD800395FB9 /* PacketLobbyInfoData.class */ = {isa = PBXFileReference; lastKnownFileType = compiled.javaclass; path = PacketLobbyInfoData.class; sourceTree = "<group>"; };
		AA6938E02897EBD800395FB9 /* CarDamageData.class */ = {isa = PBXFileReference; lastKnownFileType = compiled.javaclass; path = CarDamageData.class; sourceTree = "<group>"; };
		AA6938E12897EBD800395FB9 /* EventDataDetails$StartLIghts.class */ = {isa = PBXFileReference; lastKnownFileType = compiled.javaclass; path = EventDataDetails$StartLIghts.class; sourceTree = "<group>"; };
		AA6938E22897EBD800395FB9 /* EventDataDetails$Penalty.class */ = {isa = PBXFileReference; lastKnownFileType = compiled.javaclass; path = EventDataDetails$Penalty.class; sourceTree = "<group>"; };
		AA6938E32897EBD800395FB9 /* PacketCarDamageData.class */ = {isa = PBXFileReference; lastKnownFileType = compiled.javaclass; path = PacketCarDamageData.class; sourceTree = "<group>"; };
		AA6938E42897EBD800395FB9 /* PacketLapData.class */ = {isa = PBXFileReference; lastKnownFileType = compiled.javaclass; path = PacketLapData.class; sourceTree = "<group>"; };
		AA6938E52897EBD800395FB9 /* PacketSessionData.class */ = {isa = PBXFileReference; lastKnownFileType = compiled.javaclass; path = PacketSessionData.class; sourceTree = "<group>"; };
		AA6938E62897EBD800395FB9 /* PacketParticipantsData.class */ = {isa = PBXFileReference; lastKnownFileType = compiled.javaclass; path = PacketParticipantsData.class; sourceTree = "<group>"; };
		AA6938E72897EBD800395FB9 /* EventDataDetails$FastestLap.class */ = {isa = PBXFileReference; lastKnownFileType = compiled.javaclass; path = EventDataDetails$FastestLap.class; sourceTree = "<group>"; };
		AA6938E82897EBD800395FB9 /* PacketMotionData.class */ = {isa = PBXFileReference; lastKnownFileType = compiled.javaclass; path = PacketMotionData.class; sourceTree = "<group>"; };
		AA6938E92897EBD800395FB9 /* LobbyInfoData.class */ = {isa = PBXFileReference; lastKnownFileType = compiled.javaclass; path = LobbyInfoData.class; sourceTree = "<group>"; };
		AA6938EA2897EBD800395FB9 /* EventDataDetails$Buttons.class */ = {isa = PBXFileReference; lastKnownFileType = compiled.javaclass; path = EventDataDetails$Buttons.class; sourceTree = "<group>"; };
		AA6938EB2897EBD800395FB9 /* PacketHeader.class */ = {isa = PBXFileReference; lastKnownFileType = compiled.javaclass; path = PacketHeader.class; sourceTree = "<group>"; };
		AA6938EC2897EBD800395FB9 /* RuntimeHelper.class */ = {isa = PBXFileReference; lastKnownFileType = compiled.javaclass; path = RuntimeHelper.class; sourceTree = "<group>"; };
		AA6938ED2897EBD800395FB9 /* ParticipantData.class */ = {isa = PBXFileReference; lastKnownFileType = compiled.javaclass; path = ParticipantData.class; sourceTree = "<group>"; };
		AA6938EE2897EBD800395FB9 /* c_api.class */ = {isa = PBXFileReference; lastKnownFileType = compiled.javaclass; path = c_api.class; sourceTree = "<group>"; };
		AA6938EF2897EBD800395FB9 /* wait.class */ = {isa = PBXFileReference; lastKnownFileType = compiled.javaclass; path = wait.class; sourceTree = "<group>"; };
		AA6938F02897EBD800395FB9 /* EventDataDetails$RaceWinner.class */ = {isa = PBXFileReference; lastKnownFileType = compiled.javaclass; path = EventDataDetails$RaceWinner.class; sourceTree = "<group>"; };
		AA6938F12897EBD800395FB9 /* CarSetupData.class */ = {isa = PBXFileReference; lastKnownFileType = compiled.javaclass; path = CarSetupData.class; sourceTree = "<group>"; };
		AA6938F22897EBD800395FB9 /* EventDataDetails$TeamMateInPits.class */ = {isa = PBXFileReference; lastKnownFileType = compiled.javaclass; path = EventDataDetails$TeamMateInPits.class; sourceTree = "<group>"; };
		AA6938F32897EBD800395FB9 /* EventDataDetails$Retirement.class */ = {isa = PBXFileReference; lastKnownFileType = compiled.javaclass; path = EventDataDetails$Retirement.class; sourceTree = "<group>"; };
		AA6938F42897EBD800395FB9 /* wait$w_T.class */ = {isa = PBXFileReference; lastKnownFileType = compiled.javaclass; path = wait$w_T.class; sourceTree = "<group>"; };
		AA6938F52897EBD800395FB9 /* PacketSessionHistoryData.class */ = {isa = PBXFileReference; lastKnownFileType = compiled.javaclass; path = PacketSessionHistoryData.class; sourceTree = "<group>"; };
		AA6938F62897EBD800395FB9 /* MarshalZone.class */ = {isa = PBXFileReference; lastKnownFileType = compiled.javaclass; path = MarshalZone.class; sourceTree = "<group>"; };
		AA6938F72897EBD800395FB9 /* EventDataDetails$DriveThroughPenaltyServed.class */ = {isa = PBXFileReference; lastKnownFileType = compiled.javaclass; path = EventDataDetails$DriveThroughPenaltyServed.class; sourceTree = "<group>"; };
		AA6938F82897EBD800395FB9 /* LapHistoryData.class */ = {isa = PBXFileReference; lastKnownFileType = compiled.javaclass; path = LapHistoryData.class; sourceTree = "<group>"; };
		AA6938F92897EBD800395FB9 /* WeatherForecastSample.class */ = {isa = PBXFileReference; lastKnownFileType = compiled.javaclass; path = WeatherForecastSample.class; sourceTree = "<group>"; };
		AA6938FA2897EBD800395FB9 /* FinalClassificationData.class */ = {isa = PBXFileReference; lastKnownFileType = compiled.javaclass; path = FinalClassificationData.class; sourceTree = "<group>"; };
		AA6938FB2897EBD800395FB9 /* EventDataDetails.class */ = {isa = PBXFileReference; lastKnownFileType = compiled.javaclass; path = EventDataDetails.class; sourceTree = "<group>"; };
		AA6938FC2897EBD800395FB9 /* LapData.class */ = {isa = PBXFileReference; lastKnownFileType = compiled.javaclass; path = LapData.class; sourceTree = "<group>"; };
		AA6938FD2897EBD800395FB9 /* EventDataDetails$SpeedTrap.class */ = {isa = PBXFileReference; lastKnownFileType = compiled.javaclass; path = EventDataDetails$SpeedTrap.class; sourceTree = "<group>"; };
		AA6938FE2897EBD800395FB9 /* Constants$root.class */ = {isa = PBXFileReference; lastKnownFileType = compiled.javaclass; path = Constants$root.class; sourceTree = "<group>"; };
		AA6938FF2897EBD800395FB9 /* PacketCarStatusData.class */ = {isa = PBXFileReference; lastKnownFileType = compiled.javaclass; path = PacketCarStatusData.class; sourceTree = "<group>"; };
		AA6939002897EBD800395FB9 /* PacketEventData.class */ = {isa = PBXFileReference; lastKnownFileType = compiled.javaclass; path = PacketEventData.class; sourceTree = "<group>"; };
		AA6939012897EBD800395FB9 /* CarMotionData.class */ = {isa = PBXFileReference; lastKnownFileType = compiled.javaclass; path = CarMotionData.class; sourceTree = "<group>"; };
		AA6939022897EBD800395FB9 /* wait$w_S.class */ = {isa = PBXFileReference; lastKnownFileType = compiled.javaclass; path = wait$w_S.class; sourceTree = "<group>"; };
		AA6939032897EBD800395FB9 /* PacketCarTelemetryData.class */ = {isa = PBXFileReference; lastKnownFileType = compiled.javaclass; path = PacketCarTelemetryData.class; sourceTree = "<group>"; };
		AA6939042897EBD800395FB9 /* PacketFinalClassificationData.class */ = {isa = PBXFileReference; lastKnownFileType = compiled.javaclass; path = PacketFinalClassificationData.class; sourceTree = "<group>"; };
		AA6939052897EBD800395FB9 /* PacketCarSetupData.class */ = {isa = PBXFileReference; lastKnownFileType = compiled.javaclass; path = PacketCarSetupData.class; sourceTree = "<group>"; };
		AA6939062897EBD800395FB9 /* TyreStintHistoryData.class */ = {isa = PBXFileReference; lastKnownFileType = compiled.javaclass; path = TyreStintHistoryData.class; sourceTree = "<group>"; };
		AA6939072897EBD800395FB9 /* CarTelemetryData.class */ = {isa = PBXFileReference; lastKnownFileType = compiled.javaclass; path = CarTelemetryData.class; sourceTree = "<group>"; };
		AA6939082897EBD800395FB9 /* EventDataDetails$Flashback.class */ = {isa = PBXFileReference; lastKnownFileType = compiled.javaclass; path = EventDataDetails$Flashback.class; sourceTree = "<group>"; };
		AA6939092897EBD800395FB9 /* CarStatusData.class */ = {isa = PBXFileReference; lastKnownFileType = compiled.javaclass; path = CarStatusData.class; sourceTree = "<group>"; };
		AA69390A2897EBD800395FB9 /* EventDataDetails$StopGoPenaltyServed.class */ = {isa = PBXFileReference; lastKnownFileType = compiled.javaclass; path = EventDataDetails$StopGoPenaltyServed.class; sourceTree = "<group>"; };
		AA69390B2897EBD800395FB9 /* RuntimeHelper$VarargsInvoker.class */ = {isa = PBXFileReference; lastKnownFileType = compiled.javaclass; path = RuntimeHelper$VarargsInvoker.class; sourceTree = "<group>"; };
		AA6939102897EBD800395FB9 /* inputFiles.lst */ = {isa = PBXFileReference; fileEncoding = 4; lastKnownFileType = text; path = inputFiles.lst; sourceTree = "<group>"; };
		AA6939112897EBD800395FB9 /* createdFiles.lst */ = {isa = PBXFileReference; fileEncoding = 4; lastKnownFileType = text; path = createdFiles.lst; sourceTree = "<group>"; };
		AA6939132897EBD800395FB9 /* pom.properties */ = {isa = PBXFileReference; fileEncoding = 4; lastKnownFileType = text; path = pom.properties; sourceTree = "<group>"; };
		AA6939142897EBD800395FB9 /* f1.game.2022.07.31.jar */ = {isa = PBXFileReference; lastKnownFileType = archive.jar; path = f1.game.2022.07.31.jar; sourceTree = "<group>"; };
		AA6939152897EBD800395FB9 /* pom.xml.tmplt */ = {isa = PBXFileReference; fileEncoding = 4; lastKnownFileType = text; path = pom.xml.tmplt; sourceTree = "<group>"; };
		AA69395A2897EBD800395FB9 /* LICENSE */ = {isa = PBXFileReference; fileEncoding = 4; lastKnownFileType = text; path = LICENSE; sourceTree = "<group>"; };
		AA69395B2897EBD800395FB9 /* Makefile */ = {isa = PBXFileReference; fileEncoding = 4; lastKnownFileType = sourcecode.make; path = Makefile; sourceTree = "<group>"; };
		AA69395D2897EBD800395FB9 /* diff.py */ = {isa = PBXFileReference; fileEncoding = 4; lastKnownFileType = text.script.python; path = diff.py; sourceTree = "<group>"; };
		AA8A5F3F28A129A30033C2A8 /* PacketParticipantsData.h */ = {isa = PBXFileReference; lastKnownFileType = sourcecode.c.h; path = PacketParticipantsData.h; sourceTree = "<group>"; };
		AA8A5F4128A26F5B0033C2A8 /* Constants$root.java */ = {isa = PBXFileReference; fileEncoding = 4; lastKnownFileType = sourcecode.java; path = Constants$root.java; sourceTree = "<group>"; };
		AAA803FB28A30565009DA9CB /* pom.xml */ = {isa = PBXFileReference; lastKnownFileType = text.xml; path = pom.xml; sourceTree = "<group>"; };
		AAA803FE28A39CD8009DA9CB /* merge.yml */ = {isa = PBXFileReference; lastKnownFileType = text.yaml; path = merge.yml; sourceTree = "<group>"; };
		AAA803FF28A39CD8009DA9CB /* build.yml */ = {isa = PBXFileReference; lastKnownFileType = text.yaml; path = build.yml; sourceTree = "<group>"; };
		AAA8040028A7A7BB009DA9CB /* jitpack.yml */ = {isa = PBXFileReference; lastKnownFileType = text.yaml; path = jitpack.yml; sourceTree = "<group>"; };
		AABC17CC2897EAF400D65373 /* src */ = {isa = PBXFileReference; explicitFileType = "compiled.mach-o.executable"; includeInIndex = 0; path = src; sourceTree = BUILT_PRODUCTS_DIR; };
		AAF080BE289C679B0063B3AD /* PacketCarTelemetryData.h */ = {isa = PBXFileReference; lastKnownFileType = sourcecode.c.h; path = PacketCarTelemetryData.h; sourceTree = "<group>"; };
		AAF080BF289C679B0063B3AD /* TyreStintHistoryData.h */ = {isa = PBXFileReference; lastKnownFileType = sourcecode.c.h; path = TyreStintHistoryData.h; sourceTree = "<group>"; };
		AAF080C0289C679B0063B3AD /* CarMotionData.h */ = {isa = PBXFileReference; lastKnownFileType = sourcecode.c.h; path = CarMotionData.h; sourceTree = "<group>"; };
		AAF080C1289C679B0063B3AD /* MarshalZone.h */ = {isa = PBXFileReference; lastKnownFileType = sourcecode.c.h; path = MarshalZone.h; sourceTree = "<group>"; };
		AAF080C2289C679B0063B3AD /* PacketFinalClassificationData.h */ = {isa = PBXFileReference; lastKnownFileType = sourcecode.c.h; path = PacketFinalClassificationData.h; sourceTree = "<group>"; };
		AAF080C3289C679B0063B3AD /* PacketLapData.h */ = {isa = PBXFileReference; lastKnownFileType = sourcecode.c.h; path = PacketLapData.h; sourceTree = "<group>"; };
		AAF080C4289C679B0063B3AD /* PacketHeader.h */ = {isa = PBXFileReference; lastKnownFileType = sourcecode.c.h; path = PacketHeader.h; sourceTree = "<group>"; };
		AAF080C5289C679B0063B3AD /* PacketCarStatusData.h */ = {isa = PBXFileReference; lastKnownFileType = sourcecode.c.h; path = PacketCarStatusData.h; sourceTree = "<group>"; };
		AAF080C6289C679B0063B3AD /* PacketCarDamageData.h */ = {isa = PBXFileReference; lastKnownFileType = sourcecode.c.h; path = PacketCarDamageData.h; sourceTree = "<group>"; };
		AAF080C7289C679B0063B3AD /* PacketParticipantsData.h */ = {isa = PBXFileReference; lastKnownFileType = sourcecode.c.h; path = PacketParticipantsData.h; sourceTree = "<group>"; };
		AAF080C8289C679B0063B3AD /* LobbyInfoData.h */ = {isa = PBXFileReference; lastKnownFileType = sourcecode.c.h; path = LobbyInfoData.h; sourceTree = "<group>"; };
		AAF080C9289C679B0063B3AD /* FinalClassificationData.h */ = {isa = PBXFileReference; lastKnownFileType = sourcecode.c.h; path = FinalClassificationData.h; sourceTree = "<group>"; };
		AAF080CA289C679B0063B3AD /* CarTelemetryData.h */ = {isa = PBXFileReference; lastKnownFileType = sourcecode.c.h; path = CarTelemetryData.h; sourceTree = "<group>"; };
		AAF080CB289C679B0063B3AD /* PacketSessionHistoryData.h */ = {isa = PBXFileReference; lastKnownFileType = sourcecode.c.h; path = PacketSessionHistoryData.h; sourceTree = "<group>"; };
		AAF080CC289C679B0063B3AD /* EventDataDetails.h */ = {isa = PBXFileReference; lastKnownFileType = sourcecode.c.h; path = EventDataDetails.h; sourceTree = "<group>"; };
		AAF080CD289C679B0063B3AD /* PacketCarSetupData.h */ = {isa = PBXFileReference; lastKnownFileType = sourcecode.c.h; path = PacketCarSetupData.h; sourceTree = "<group>"; };
		AAF080CE289C679B0063B3AD /* PacketLobbyInfoData.h */ = {isa = PBXFileReference; lastKnownFileType = sourcecode.c.h; path = PacketLobbyInfoData.h; sourceTree = "<group>"; };
		AAF080CF289C679B0063B3AD /* PacketEventData.h */ = {isa = PBXFileReference; lastKnownFileType = sourcecode.c.h; path = PacketEventData.h; sourceTree = "<group>"; };
		AAF080D0289C679B0063B3AD /* CarDamageData.h */ = {isa = PBXFileReference; lastKnownFileType = sourcecode.c.h; path = CarDamageData.h; sourceTree = "<group>"; };
		AAF080D1289C679B0063B3AD /* LapHistoryData.h */ = {isa = PBXFileReference; lastKnownFileType = sourcecode.c.h; path = LapHistoryData.h; sourceTree = "<group>"; };
		AAF080D2289C679B0063B3AD /* CarStatusData.h */ = {isa = PBXFileReference; lastKnownFileType = sourcecode.c.h; path = CarStatusData.h; sourceTree = "<group>"; };
		AAF080D3289C679B0063B3AD /* LapData.h */ = {isa = PBXFileReference; lastKnownFileType = sourcecode.c.h; path = LapData.h; sourceTree = "<group>"; };
		AAF080D4289C679B0063B3AD /* WeatherForecastSample.h */ = {isa = PBXFileReference; lastKnownFileType = sourcecode.c.h; path = WeatherForecastSample.h; sourceTree = "<group>"; };
		AAF080D5289C679B0063B3AD /* PacketMotionData.h */ = {isa = PBXFileReference; lastKnownFileType = sourcecode.c.h; path = PacketMotionData.h; sourceTree = "<group>"; };
		AAF080D6289C679B0063B3AD /* CarSetupData.h */ = {isa = PBXFileReference; lastKnownFileType = sourcecode.c.h; path = CarSetupData.h; sourceTree = "<group>"; };
		AAF080D7289C679B0063B3AD /* PacketSessionData.h */ = {isa = PBXFileReference; lastKnownFileType = sourcecode.c.h; path = PacketSessionData.h; sourceTree = "<group>"; };
		AAF080D8289C679B0063B3AD /* ParticipantData.h */ = {isa = PBXFileReference; lastKnownFileType = sourcecode.c.h; path = ParticipantData.h; sourceTree = "<group>"; };
		AAF0811C289C68B30063B3AD /* PacketCarTelemetryData.h */ = {isa = PBXFileReference; fileEncoding = 4; lastKnownFileType = sourcecode.c.h; path = PacketCarTelemetryData.h; sourceTree = "<group>"; };
		AAF0811D289C68B30063B3AD /* TyreStintHistoryData.h */ = {isa = PBXFileReference; fileEncoding = 4; lastKnownFileType = sourcecode.c.h; path = TyreStintHistoryData.h; sourceTree = "<group>"; };
		AAF0811E289C68B30063B3AD /* CarMotionData.h */ = {isa = PBXFileReference; fileEncoding = 4; lastKnownFileType = sourcecode.c.h; path = CarMotionData.h; sourceTree = "<group>"; };
		AAF0811F289C68B30063B3AD /* MarshalZone.h */ = {isa = PBXFileReference; fileEncoding = 4; lastKnownFileType = sourcecode.c.h; path = MarshalZone.h; sourceTree = "<group>"; };
		AAF08120289C68B30063B3AD /* PacketFinalClassificationData.h */ = {isa = PBXFileReference; fileEncoding = 4; lastKnownFileType = sourcecode.c.h; path = PacketFinalClassificationData.h; sourceTree = "<group>"; };
		AAF08121289C68B30063B3AD /* PacketLapData.h */ = {isa = PBXFileReference; fileEncoding = 4; lastKnownFileType = sourcecode.c.h; path = PacketLapData.h; sourceTree = "<group>"; };
		AAF08122289C68B30063B3AD /* PacketHeader.h */ = {isa = PBXFileReference; fileEncoding = 4; lastKnownFileType = sourcecode.c.h; path = PacketHeader.h; sourceTree = "<group>"; };
		AAF08123289C68B30063B3AD /* PacketCarStatusData.h */ = {isa = PBXFileReference; fileEncoding = 4; lastKnownFileType = sourcecode.c.h; path = PacketCarStatusData.h; sourceTree = "<group>"; };
		AAF08124289C68B30063B3AD /* PacketCarDamageData.h */ = {isa = PBXFileReference; fileEncoding = 4; lastKnownFileType = sourcecode.c.h; path = PacketCarDamageData.h; sourceTree = "<group>"; };
		AAF08125289C68B30063B3AD /* PacketParticipantData.h */ = {isa = PBXFileReference; fileEncoding = 4; lastKnownFileType = sourcecode.c.h; path = PacketParticipantData.h; sourceTree = "<group>"; };
		AAF08126289C68B30063B3AD /* LobbyInfoData.h */ = {isa = PBXFileReference; fileEncoding = 4; lastKnownFileType = sourcecode.c.h; path = LobbyInfoData.h; sourceTree = "<group>"; };
		AAF08127289C68B30063B3AD /* FinalClassificationData.h */ = {isa = PBXFileReference; fileEncoding = 4; lastKnownFileType = sourcecode.c.h; path = FinalClassificationData.h; sourceTree = "<group>"; };
		AAF08128289C68B30063B3AD /* CarTelemetryData.h */ = {isa = PBXFileReference; fileEncoding = 4; lastKnownFileType = sourcecode.c.h; path = CarTelemetryData.h; sourceTree = "<group>"; };
		AAF08129289C68B30063B3AD /* PacketSessionHistoryData.h */ = {isa = PBXFileReference; fileEncoding = 4; lastKnownFileType = sourcecode.c.h; path = PacketSessionHistoryData.h; sourceTree = "<group>"; };
		AAF0812A289C68B30063B3AD /* EventDataDetails.h */ = {isa = PBXFileReference; fileEncoding = 4; lastKnownFileType = sourcecode.c.h; path = EventDataDetails.h; sourceTree = "<group>"; };
		AAF0812B289C68B30063B3AD /* PacketCarSetupData.h */ = {isa = PBXFileReference; fileEncoding = 4; lastKnownFileType = sourcecode.c.h; path = PacketCarSetupData.h; sourceTree = "<group>"; };
		AAF0812C289C68B30063B3AD /* PacketLobbyInfoData.h */ = {isa = PBXFileReference; fileEncoding = 4; lastKnownFileType = sourcecode.c.h; path = PacketLobbyInfoData.h; sourceTree = "<group>"; };
		AAF0812D289C68B30063B3AD /* PacketEventData.h */ = {isa = PBXFileReference; fileEncoding = 4; lastKnownFileType = sourcecode.c.h; path = PacketEventData.h; sourceTree = "<group>"; };
		AAF0812E289C68B30063B3AD /* CarDamageData.h */ = {isa = PBXFileReference; fileEncoding = 4; lastKnownFileType = sourcecode.c.h; path = CarDamageData.h; sourceTree = "<group>"; };
		AAF0812F289C68B30063B3AD /* LapHistoryData.h */ = {isa = PBXFileReference; fileEncoding = 4; lastKnownFileType = sourcecode.c.h; path = LapHistoryData.h; sourceTree = "<group>"; };
		AAF08130289C68B30063B3AD /* CarStatusData.h */ = {isa = PBXFileReference; fileEncoding = 4; lastKnownFileType = sourcecode.c.h; path = CarStatusData.h; sourceTree = "<group>"; };
		AAF08131289C68B30063B3AD /* LapData.h */ = {isa = PBXFileReference; fileEncoding = 4; lastKnownFileType = sourcecode.c.h; path = LapData.h; sourceTree = "<group>"; };
		AAF08132289C68B30063B3AD /* WeatherForecastSample.h */ = {isa = PBXFileReference; fileEncoding = 4; lastKnownFileType = sourcecode.c.h; path = WeatherForecastSample.h; sourceTree = "<group>"; };
		AAF08133289C68B30063B3AD /* PacketMotionData.h */ = {isa = PBXFileReference; fileEncoding = 4; lastKnownFileType = sourcecode.c.h; path = PacketMotionData.h; sourceTree = "<group>"; };
		AAF08134289C68B30063B3AD /* CarSetupData.h */ = {isa = PBXFileReference; fileEncoding = 4; lastKnownFileType = sourcecode.c.h; path = CarSetupData.h; sourceTree = "<group>"; };
		AAF08135289C68B30063B3AD /* PacketSessionData.h */ = {isa = PBXFileReference; fileEncoding = 4; lastKnownFileType = sourcecode.c.h; path = PacketSessionData.h; sourceTree = "<group>"; };
		AAF08136289C68B30063B3AD /* ParticipantData.h */ = {isa = PBXFileReference; fileEncoding = 4; lastKnownFileType = sourcecode.c.h; path = ParticipantData.h; sourceTree = "<group>"; };
		AAF081FC289CFB810063B3AD /* capi.h */ = {isa = PBXFileReference; lastKnownFileType = sourcecode.c.h; path = capi.h; sourceTree = "<group>"; };
		AAF081FD289CFC870063B3AD /* ctypedefs.h */ = {isa = PBXFileReference; lastKnownFileType = sourcecode.c.h; path = ctypedefs.h; sourceTree = "<group>"; };
		AAF08249289D09020063B3AD /* .gitignore */ = {isa = PBXFileReference; fileEncoding = 4; lastKnownFileType = text; path = .gitignore; sourceTree = "<group>"; };
/* End PBXFileReference section */

/* Begin PBXFrameworksBuildPhase section */
		AABC17C92897EAF400D65373 /* Frameworks */ = {
			isa = PBXFrameworksBuildPhase;
			buildActionMask = 2147483647;
			files = (
				AA69395E2897EBD800395FB9 /* f1.game.2022.07.31.jar in Frameworks */,
			);
			runOnlyForDeploymentPostprocessing = 0;
		};
/* End PBXFrameworksBuildPhase section */

/* Begin PBXGroup section */
		AA6938D82897EBD800395FB9 /* target */ = {
			isa = PBXGroup;
			children = (
				AA6938D92897EBD800395FB9 /* generated-sources */,
				AA6938DB2897EBD800395FB9 /* classes */,
				AA69390C2897EBD800395FB9 /* maven-status */,
				AA6939122897EBD800395FB9 /* maven-archiver */,
				AA6939142897EBD800395FB9 /* f1.game.2022.07.31.jar */,
			);
			path = target;
			sourceTree = "<group>";
		};
		AA6938D92897EBD800395FB9 /* generated-sources */ = {
			isa = PBXGroup;
			children = (
				AA6938DA2897EBD800395FB9 /* annotations */,
			);
			path = "generated-sources";
			sourceTree = "<group>";
		};
		AA6938DA2897EBD800395FB9 /* annotations */ = {
			isa = PBXGroup;
			children = (
			);
			path = annotations;
			sourceTree = "<group>";
		};
		AA6938DB2897EBD800395FB9 /* classes */ = {
			isa = PBXGroup;
			children = (
				AA6938DC2897EBD800395FB9 /* f1 */,
			);
			path = classes;
			sourceTree = "<group>";
		};
		AA6938DC2897EBD800395FB9 /* f1 */ = {
			isa = PBXGroup;
			children = (
				AA6938DD2897EBD800395FB9 /* specs */,
			);
			path = f1;
			sourceTree = "<group>";
		};
		AA6938DD2897EBD800395FB9 /* specs */ = {
			isa = PBXGroup;
			children = (
				AA6938DE2897EBD800395FB9 /* datatypes */,
			);
			path = specs;
			sourceTree = "<group>";
		};
		AA6938DE2897EBD800395FB9 /* datatypes */ = {
			isa = PBXGroup;
			children = (
				AA6938DF2897EBD800395FB9 /* PacketLobbyInfoData.class */,
				AA6938E02897EBD800395FB9 /* CarDamageData.class */,
				AA6938E12897EBD800395FB9 /* EventDataDetails$StartLIghts.class */,
				AA6938E22897EBD800395FB9 /* EventDataDetails$Penalty.class */,
				AA6938E32897EBD800395FB9 /* PacketCarDamageData.class */,
				AA6938E42897EBD800395FB9 /* PacketLapData.class */,
				AA6938E52897EBD800395FB9 /* PacketSessionData.class */,
				AA6938E62897EBD800395FB9 /* PacketParticipantsData.class */,
				AA6938E72897EBD800395FB9 /* EventDataDetails$FastestLap.class */,
				AA6938E82897EBD800395FB9 /* PacketMotionData.class */,
				AA6938E92897EBD800395FB9 /* LobbyInfoData.class */,
				AA6938EA2897EBD800395FB9 /* EventDataDetails$Buttons.class */,
				AA6938EB2897EBD800395FB9 /* PacketHeader.class */,
				AA6938EC2897EBD800395FB9 /* RuntimeHelper.class */,
				AA6938ED2897EBD800395FB9 /* ParticipantData.class */,
				AA6938EE2897EBD800395FB9 /* c_api.class */,
				AA6938EF2897EBD800395FB9 /* wait.class */,
				AA6938F02897EBD800395FB9 /* EventDataDetails$RaceWinner.class */,
				AA6938F12897EBD800395FB9 /* CarSetupData.class */,
				AA6938F22897EBD800395FB9 /* EventDataDetails$TeamMateInPits.class */,
				AA6938F32897EBD800395FB9 /* EventDataDetails$Retirement.class */,
				AA6938F42897EBD800395FB9 /* wait$w_T.class */,
				AA6938F52897EBD800395FB9 /* PacketSessionHistoryData.class */,
				AA6938F62897EBD800395FB9 /* MarshalZone.class */,
				AA6938F72897EBD800395FB9 /* EventDataDetails$DriveThroughPenaltyServed.class */,
				AA6938F82897EBD800395FB9 /* LapHistoryData.class */,
				AA6938F92897EBD800395FB9 /* WeatherForecastSample.class */,
				AA6938FA2897EBD800395FB9 /* FinalClassificationData.class */,
				AA6938FB2897EBD800395FB9 /* EventDataDetails.class */,
				AA6938FC2897EBD800395FB9 /* LapData.class */,
				AA6938FD2897EBD800395FB9 /* EventDataDetails$SpeedTrap.class */,
				AA6938FE2897EBD800395FB9 /* Constants$root.class */,
				AA6938FF2897EBD800395FB9 /* PacketCarStatusData.class */,
				AA6939002897EBD800395FB9 /* PacketEventData.class */,
				AA6939012897EBD800395FB9 /* CarMotionData.class */,
				AA6939022897EBD800395FB9 /* wait$w_S.class */,
				AA6939032897EBD800395FB9 /* PacketCarTelemetryData.class */,
				AA6939042897EBD800395FB9 /* PacketFinalClassificationData.class */,
				AA6939052897EBD800395FB9 /* PacketCarSetupData.class */,
				AA6939062897EBD800395FB9 /* TyreStintHistoryData.class */,
				AA6939072897EBD800395FB9 /* CarTelemetryData.class */,
				AA6939082897EBD800395FB9 /* EventDataDetails$Flashback.class */,
				AA6939092897EBD800395FB9 /* CarStatusData.class */,
				AA69390A2897EBD800395FB9 /* EventDataDetails$StopGoPenaltyServed.class */,
				AA69390B2897EBD800395FB9 /* RuntimeHelper$VarargsInvoker.class */,
			);
			path = datatypes;
			sourceTree = "<group>";
		};
		AA69390C2897EBD800395FB9 /* maven-status */ = {
			isa = PBXGroup;
			children = (
				AA69390D2897EBD800395FB9 /* maven-compiler-plugin */,
			);
			path = "maven-status";
			sourceTree = "<group>";
		};
		AA69390D2897EBD800395FB9 /* maven-compiler-plugin */ = {
			isa = PBXGroup;
			children = (
				AA69390E2897EBD800395FB9 /* compile */,
			);
			path = "maven-compiler-plugin";
			sourceTree = "<group>";
		};
		AA69390E2897EBD800395FB9 /* compile */ = {
			isa = PBXGroup;
			children = (
				AA69390F2897EBD800395FB9 /* default-compile */,
			);
			path = compile;
			sourceTree = "<group>";
		};
		AA69390F2897EBD800395FB9 /* default-compile */ = {
			isa = PBXGroup;
			children = (
				AA6939102897EBD800395FB9 /* inputFiles.lst */,
				AA6939112897EBD800395FB9 /* createdFiles.lst */,
			);
			path = "default-compile";
			sourceTree = "<group>";
		};
		AA6939122897EBD800395FB9 /* maven-archiver */ = {
			isa = PBXGroup;
			children = (
				AA6939132897EBD800395FB9 /* pom.properties */,
			);
			path = "maven-archiver";
			sourceTree = "<group>";
		};
		AA69395C2897EBD800395FB9 /* scripts */ = {
			isa = PBXGroup;
			children = (
				AA69395D2897EBD800395FB9 /* diff.py */,
			);
			path = scripts;
			sourceTree = "<group>";
		};
		AAA803FC28A39CD8009DA9CB /* .github */ = {
			isa = PBXGroup;
			children = (
				AAA803FD28A39CD8009DA9CB /* workflows */,
			);
			path = .github;
			sourceTree = "<group>";
		};
		AAA803FD28A39CD8009DA9CB /* workflows */ = {
			isa = PBXGroup;
			children = (
				AAA803FE28A39CD8009DA9CB /* merge.yml */,
				AAA803FF28A39CD8009DA9CB /* build.yml */,
			);
			path = workflows;
			sourceTree = "<group>";
		};
		AABC17C32897EAF400D65373 = {
			isa = PBXGroup;
			children = (
				AAA8040028A7A7BB009DA9CB /* jitpack.yml */,
				AAA803FC28A39CD8009DA9CB /* .github */,
				AAA803FB28A30565009DA9CB /* pom.xml */,
				AAF08249289D09020063B3AD /* .gitignore */,
				AAF080BB289C679B0063B3AD /* src */,
				AA69395C2897EBD800395FB9 /* scripts */,
				AA69395A2897EBD800395FB9 /* LICENSE */,
				AA69395B2897EBD800395FB9 /* Makefile */,
				AA6939152897EBD800395FB9 /* pom.xml.tmplt */,
				AA6938D72897EBD800395FB9 /* README.md */,
				AA6938D82897EBD800395FB9 /* target */,
				AABC17CD2897EAF400D65373 /* Products */,
			);
			sourceTree = "<group>";
		};
		AABC17CD2897EAF400D65373 /* Products */ = {
			isa = PBXGroup;
			children = (
				AABC17CC2897EAF400D65373 /* src */,
			);
			name = Products;
			sourceTree = "<group>";
		};
		AAF080BB289C679B0063B3AD /* src */ = {
			isa = PBXGroup;
			children = (
				AA8A5F4128A26F5B0033C2A8 /* Constants$root.java */,
				AAF080BC289C679B0063B3AD /* include */,
			);
			path = src;
			sourceTree = "<group>";
		};
		AAF080BC289C679B0063B3AD /* include */ = {
			isa = PBXGroup;
			children = (
				AAF0811B289C68B30063B3AD /* 2021 */,
				AAF080BD289C679B0063B3AD /* 2022 */,
				AAF081FC289CFB810063B3AD /* capi.h */,
				AAF081FD289CFC870063B3AD /* ctypedefs.h */,
			);
			path = include;
			sourceTree = "<group>";
		};
		AAF080BD289C679B0063B3AD /* 2022 */ = {
			isa = PBXGroup;
			children = (
				AAF080BE289C679B0063B3AD /* PacketCarTelemetryData.h */,
				AAF080BF289C679B0063B3AD /* TyreStintHistoryData.h */,
				AAF080C0289C679B0063B3AD /* CarMotionData.h */,
				AAF080C1289C679B0063B3AD /* MarshalZone.h */,
				AAF080C2289C679B0063B3AD /* PacketFinalClassificationData.h */,
				AAF080C3289C679B0063B3AD /* PacketLapData.h */,
				AAF080C4289C679B0063B3AD /* PacketHeader.h */,
				AAF080C5289C679B0063B3AD /* PacketCarStatusData.h */,
				AAF080C6289C679B0063B3AD /* PacketCarDamageData.h */,
				AAF080C7289C679B0063B3AD /* PacketParticipantsData.h */,
				AAF080C8289C679B0063B3AD /* LobbyInfoData.h */,
				AAF080C9289C679B0063B3AD /* FinalClassificationData.h */,
				AAF080CA289C679B0063B3AD /* CarTelemetryData.h */,
				AAF080CB289C679B0063B3AD /* PacketSessionHistoryData.h */,
				AAF080CC289C679B0063B3AD /* EventDataDetails.h */,
				AAF080CD289C679B0063B3AD /* PacketCarSetupData.h */,
				AAF080CE289C679B0063B3AD /* PacketLobbyInfoData.h */,
				AAF080CF289C679B0063B3AD /* PacketEventData.h */,
				AAF080D0289C679B0063B3AD /* CarDamageData.h */,
				AAF080D1289C679B0063B3AD /* LapHistoryData.h */,
				AAF080D2289C679B0063B3AD /* CarStatusData.h */,
				AAF080D3289C679B0063B3AD /* LapData.h */,
				AAF080D4289C679B0063B3AD /* WeatherForecastSample.h */,
				AAF080D5289C679B0063B3AD /* PacketMotionData.h */,
				AAF080D6289C679B0063B3AD /* CarSetupData.h */,
				AAF080D7289C679B0063B3AD /* PacketSessionData.h */,
				AAF080D8289C679B0063B3AD /* ParticipantData.h */,
			);
			path = 2022;
			sourceTree = "<group>";
		};
		AAF0811B289C68B30063B3AD /* 2021 */ = {
			isa = PBXGroup;
			children = (
				AAF0811C289C68B30063B3AD /* PacketCarTelemetryData.h */,
				AAF0811D289C68B30063B3AD /* TyreStintHistoryData.h */,
				AAF0811E289C68B30063B3AD /* CarMotionData.h */,
				AAF0811F289C68B30063B3AD /* MarshalZone.h */,
				AAF08120289C68B30063B3AD /* PacketFinalClassificationData.h */,
				AAF08121289C68B30063B3AD /* PacketLapData.h */,
				AAF08122289C68B30063B3AD /* PacketHeader.h */,
				AAF08123289C68B30063B3AD /* PacketCarStatusData.h */,
				AAF08124289C68B30063B3AD /* PacketCarDamageData.h */,
				AAF08125289C68B30063B3AD /* PacketParticipantData.h */,
				AAF08126289C68B30063B3AD /* LobbyInfoData.h */,
				AAF08127289C68B30063B3AD /* FinalClassificationData.h */,
				AAF08128289C68B30063B3AD /* CarTelemetryData.h */,
				AAF08129289C68B30063B3AD /* PacketSessionHistoryData.h */,
				AAF0812A289C68B30063B3AD /* EventDataDetails.h */,
				AAF0812B289C68B30063B3AD /* PacketCarSetupData.h */,
				AAF0812C289C68B30063B3AD /* PacketLobbyInfoData.h */,
				AAF0812D289C68B30063B3AD /* PacketEventData.h */,
				AAF0812E289C68B30063B3AD /* CarDamageData.h */,
				AAF0812F289C68B30063B3AD /* LapHistoryData.h */,
				AAF08130289C68B30063B3AD /* CarStatusData.h */,
				AAF08131289C68B30063B3AD /* LapData.h */,
				AAF08132289C68B30063B3AD /* WeatherForecastSample.h */,
				AAF08133289C68B30063B3AD /* PacketMotionData.h */,
				AAF08134289C68B30063B3AD /* CarSetupData.h */,
				AAF08135289C68B30063B3AD /* PacketSessionData.h */,
				AAF08136289C68B30063B3AD /* ParticipantData.h */,
				AA8A5F3F28A129A30033C2A8 /* PacketParticipantsData.h */,
			);
			path = 2021;
			sourceTree = "<group>";
		};
/* End PBXGroup section */

/* Begin PBXNativeTarget section */
		AABC17CB2897EAF400D65373 /* src */ = {
			isa = PBXNativeTarget;
			buildConfigurationList = AABC17D32897EAF400D65373 /* Build configuration list for PBXNativeTarget "src" */;
			buildPhases = (
				AABC17C82897EAF400D65373 /* Sources */,
				AABC17C92897EAF400D65373 /* Frameworks */,
				AABC17CA2897EAF400D65373 /* CopyFiles */,
			);
			buildRules = (
			);
			dependencies = (
			);
			name = src;
			productName = src;
			productReference = AABC17CC2897EAF400D65373 /* src */;
			productType = "com.apple.product-type.tool";
		};
/* End PBXNativeTarget section */

/* Begin PBXProject section */
		AABC17C42897EAF400D65373 /* Project object */ = {
			isa = PBXProject;
			attributes = {
				BuildIndependentTargetsInParallel = 1;
				LastUpgradeCheck = 1320;
				TargetAttributes = {
					AABC17CB2897EAF400D65373 = {
						CreatedOnToolsVersion = 13.2.1;
					};
				};
			};
			buildConfigurationList = AABC17C72897EAF400D65373 /* Build configuration list for PBXProject "clang.f1.game" */;
			compatibilityVersion = "Xcode 13.0";
			developmentRegion = en;
			hasScannedForEncodings = 0;
			knownRegions = (
				en,
				Base,
			);
			mainGroup = AABC17C32897EAF400D65373;
			productRefGroup = AABC17CD2897EAF400D65373 /* Products */;
			projectDirPath = "";
			projectRoot = "";
			targets = (
				AABC17CB2897EAF400D65373 /* src */,
			);
		};
/* End PBXProject section */

/* Begin PBXSourcesBuildPhase section */
		AABC17C82897EAF400D65373 /* Sources */ = {
			isa = PBXSourcesBuildPhase;
			buildActionMask = 2147483647;
			files = (
				AA69397E2897EBD900395FB9 /* Makefile in Sources */,
				AABC17D02897EAF400D65373 /* (null) in Sources */,
				AA8A5F4228A26F5B0033C2A8 /* Constants$root.java in Sources */,
			);
			runOnlyForDeploymentPostprocessing = 0;
		};
/* End PBXSourcesBuildPhase section */

/* Begin XCBuildConfiguration section */
		AABC17D12897EAF400D65373 /* Debug */ = {
			isa = XCBuildConfiguration;
			buildSettings = {
				ALWAYS_SEARCH_USER_PATHS = NO;
				CLANG_ANALYZER_NONNULL = YES;
				CLANG_ANALYZER_NUMBER_OBJECT_CONVERSION = YES_AGGRESSIVE;
				CLANG_CXX_LANGUAGE_STANDARD = "gnu++17";
				CLANG_CXX_LIBRARY = "libc++";
				CLANG_ENABLE_MODULES = YES;
				CLANG_ENABLE_OBJC_ARC = YES;
				CLANG_ENABLE_OBJC_WEAK = YES;
				CLANG_WARN_BLOCK_CAPTURE_AUTORELEASING = YES;
				CLANG_WARN_BOOL_CONVERSION = YES;
				CLANG_WARN_COMMA = YES;
				CLANG_WARN_CONSTANT_CONVERSION = YES;
				CLANG_WARN_DEPRECATED_OBJC_IMPLEMENTATIONS = YES;
				CLANG_WARN_DIRECT_OBJC_ISA_USAGE = YES_ERROR;
				CLANG_WARN_DOCUMENTATION_COMMENTS = YES;
				CLANG_WARN_EMPTY_BODY = YES;
				CLANG_WARN_ENUM_CONVERSION = YES;
				CLANG_WARN_INFINITE_RECURSION = YES;
				CLANG_WARN_INT_CONVERSION = YES;
				CLANG_WARN_NON_LITERAL_NULL_CONVERSION = YES;
				CLANG_WARN_OBJC_IMPLICIT_RETAIN_SELF = YES;
				CLANG_WARN_OBJC_LITERAL_CONVERSION = YES;
				CLANG_WARN_OBJC_ROOT_CLASS = YES_ERROR;
				CLANG_WARN_QUOTED_INCLUDE_IN_FRAMEWORK_HEADER = YES;
				CLANG_WARN_RANGE_LOOP_ANALYSIS = YES;
				CLANG_WARN_STRICT_PROTOTYPES = YES;
				CLANG_WARN_SUSPICIOUS_MOVE = YES;
				CLANG_WARN_UNGUARDED_AVAILABILITY = YES_AGGRESSIVE;
				CLANG_WARN_UNREACHABLE_CODE = YES;
				CLANG_WARN__DUPLICATE_METHOD_MATCH = YES;
				COPY_PHASE_STRIP = NO;
				DEBUG_INFORMATION_FORMAT = dwarf;
				ENABLE_STRICT_OBJC_MSGSEND = YES;
				ENABLE_TESTABILITY = YES;
				GCC_C_LANGUAGE_STANDARD = gnu11;
				GCC_DYNAMIC_NO_PIC = NO;
				GCC_NO_COMMON_BLOCKS = YES;
				GCC_OPTIMIZATION_LEVEL = 0;
				GCC_PREPROCESSOR_DEFINITIONS = (
					"DEBUG=1",
					"$(inherited)",
				);
				GCC_WARN_64_TO_32_BIT_CONVERSION = YES;
				GCC_WARN_ABOUT_RETURN_TYPE = YES_ERROR;
				GCC_WARN_UNDECLARED_SELECTOR = YES;
				GCC_WARN_UNINITIALIZED_AUTOS = YES_AGGRESSIVE;
				GCC_WARN_UNUSED_FUNCTION = YES;
				GCC_WARN_UNUSED_VARIABLE = YES;
				MACOSX_DEPLOYMENT_TARGET = 11.6;
				MTL_ENABLE_DEBUG_INFO = INCLUDE_SOURCE;
				MTL_FAST_MATH = YES;
				ONLY_ACTIVE_ARCH = YES;
				SDKROOT = macosx;
			};
			name = Debug;
		};
		AABC17D22897EAF400D65373 /* Release */ = {
			isa = XCBuildConfiguration;
			buildSettings = {
				ALWAYS_SEARCH_USER_PATHS = NO;
				CLANG_ANALYZER_NONNULL = YES;
				CLANG_ANALYZER_NUMBER_OBJECT_CONVERSION = YES_AGGRESSIVE;
				CLANG_CXX_LANGUAGE_STANDARD = "gnu++17";
				CLANG_CXX_LIBRARY = "libc++";
				CLANG_ENABLE_MODULES = YES;
				CLANG_ENABLE_OBJC_ARC = YES;
				CLANG_ENABLE_OBJC_WEAK = YES;
				CLANG_WARN_BLOCK_CAPTURE_AUTORELEASING = YES;
				CLANG_WARN_BOOL_CONVERSION = YES;
				CLANG_WARN_COMMA = YES;
				CLANG_WARN_CONSTANT_CONVERSION = YES;
				CLANG_WARN_DEPRECATED_OBJC_IMPLEMENTATIONS = YES;
				CLANG_WARN_DIRECT_OBJC_ISA_USAGE = YES_ERROR;
				CLANG_WARN_DOCUMENTATION_COMMENTS = YES;
				CLANG_WARN_EMPTY_BODY = YES;
				CLANG_WARN_ENUM_CONVERSION = YES;
				CLANG_WARN_INFINITE_RECURSION = YES;
				CLANG_WARN_INT_CONVERSION = YES;
				CLANG_WARN_NON_LITERAL_NULL_CONVERSION = YES;
				CLANG_WARN_OBJC_IMPLICIT_RETAIN_SELF = YES;
				CLANG_WARN_OBJC_LITERAL_CONVERSION = YES;
				CLANG_WARN_OBJC_ROOT_CLASS = YES_ERROR;
				CLANG_WARN_QUOTED_INCLUDE_IN_FRAMEWORK_HEADER = YES;
				CLANG_WARN_RANGE_LOOP_ANALYSIS = YES;
				CLANG_WARN_STRICT_PROTOTYPES = YES;
				CLANG_WARN_SUSPICIOUS_MOVE = YES;
				CLANG_WARN_UNGUARDED_AVAILABILITY = YES_AGGRESSIVE;
				CLANG_WARN_UNREACHABLE_CODE = YES;
				CLANG_WARN__DUPLICATE_METHOD_MATCH = YES;
				COPY_PHASE_STRIP = NO;
				DEBUG_INFORMATION_FORMAT = "dwarf-with-dsym";
				ENABLE_NS_ASSERTIONS = NO;
				ENABLE_STRICT_OBJC_MSGSEND = YES;
				GCC_C_LANGUAGE_STANDARD = gnu11;
				GCC_NO_COMMON_BLOCKS = YES;
				GCC_WARN_64_TO_32_BIT_CONVERSION = YES;
				GCC_WARN_ABOUT_RETURN_TYPE = YES_ERROR;
				GCC_WARN_UNDECLARED_SELECTOR = YES;
				GCC_WARN_UNINITIALIZED_AUTOS = YES_AGGRESSIVE;
				GCC_WARN_UNUSED_FUNCTION = YES;
				GCC_WARN_UNUSED_VARIABLE = YES;
				MACOSX_DEPLOYMENT_TARGET = 11.6;
				MTL_ENABLE_DEBUG_INFO = NO;
				MTL_FAST_MATH = YES;
				SDKROOT = macosx;
			};
			name = Release;
		};
		AABC17D42897EAF400D65373 /* Debug */ = {
			isa = XCBuildConfiguration;
			buildSettings = {
				CODE_SIGN_STYLE = Automatic;
				DEVELOPMENT_TEAM = A36G9WH7N8;
				ENABLE_HARDENED_RUNTIME = YES;
				PRODUCT_NAME = "$(TARGET_NAME)";
			};
			name = Debug;
		};
		AABC17D52897EAF400D65373 /* Release */ = {
			isa = XCBuildConfiguration;
			buildSettings = {
				CODE_SIGN_STYLE = Automatic;
				DEVELOPMENT_TEAM = A36G9WH7N8;
				ENABLE_HARDENED_RUNTIME = YES;
				PRODUCT_NAME = "$(TARGET_NAME)";
			};
			name = Release;
		};
/* End XCBuildConfiguration section */

/* Begin XCConfigurationList section */
		AABC17C72897EAF400D65373 /* Build configuration list for PBXProject "clang.f1.game" */ = {
			isa = XCConfigurationList;
			buildConfigurations = (
				AABC17D12897EAF400D65373 /* Debug */,
				AABC17D22897EAF400D65373 /* Release */,
			);
			defaultConfigurationIsVisible = 0;
			defaultConfigurationName = Release;
		};
		AABC17D32897EAF400D65373 /* Build configuration list for PBXNativeTarget "src" */ = {
			isa = XCConfigurationList;
			buildConfigurations = (
				AABC17D42897EAF400D65373 /* Debug */,
				AABC17D52897EAF400D65373 /* Release */,
			);
			defaultConfigurationIsVisible = 0;
			defaultConfigurationName = Release;
		};
/* End XCConfigurationList section */
	};
	rootObject = AABC17C42897EAF400D65373 /* Project object */;
}
