// !$*UTF8*$!
{
	archiveVersion = 1;
	classes = {
	};
	objectVersion = 55;
	objects = {

/* Begin PBXBuildFile section */
		AA69395E2897EBD800395FB9 /* f1.game.2022.07.31.jar in Frameworks */ = {isa = PBXBuildFile; fileRef = AA6939142897EBD800395FB9 /* f1.game.2022.07.31.jar */; };
		AA69397E2897EBD900395FB9 /* Makefile in Sources */ = {isa = PBXBuildFile; fileRef = AA69395B2897EBD800395FB9 /* Makefile */; };
		AABC17D02897EAF400D65373 /* (null) in Sources */ = {isa = PBXBuildFile; };
		AAF082A5289D18800063B3AD /* PacketMotionData.java in Sources */ = {isa = PBXBuildFile; fileRef = AAF08251289D18800063B3AD /* PacketMotionData.java */; };
		AAF082A6289D18800063B3AD /* StopGoPenaltyServed.java in Sources */ = {isa = PBXBuildFile; fileRef = AAF08252289D18800063B3AD /* StopGoPenaltyServed.java */; };
		AAF082A7289D18800063B3AD /* Constants$root.java in Sources */ = {isa = PBXBuildFile; fileRef = AAF08253289D18800063B3AD /* Constants$root.java */; };
		AAF082A8289D18800063B3AD /* CarTelemetryData.java in Sources */ = {isa = PBXBuildFile; fileRef = AAF08254289D18800063B3AD /* CarTelemetryData.java */; };
		AAF082A9289D18800063B3AD /* TeamMateInPits.java in Sources */ = {isa = PBXBuildFile; fileRef = AAF08255289D18800063B3AD /* TeamMateInPits.java */; };
		AAF082AA289D18800063B3AD /* Penalty.java in Sources */ = {isa = PBXBuildFile; fileRef = AAF08256289D18800063B3AD /* Penalty.java */; };
		AAF082AB289D18800063B3AD /* Buttons.java in Sources */ = {isa = PBXBuildFile; fileRef = AAF08257289D18800063B3AD /* Buttons.java */; };
		AAF082AC289D18800063B3AD /* MarshalZone.java in Sources */ = {isa = PBXBuildFile; fileRef = AAF08258289D18800063B3AD /* MarshalZone.java */; };
		AAF082AD289D18800063B3AD /* FastestLap.java in Sources */ = {isa = PBXBuildFile; fileRef = AAF08259289D18800063B3AD /* FastestLap.java */; };
		AAF082AE289D18800063B3AD /* PacketSessionHistoryData.java in Sources */ = {isa = PBXBuildFile; fileRef = AAF0825A289D18800063B3AD /* PacketSessionHistoryData.java */; };
		AAF082AF289D18800063B3AD /* RaceWinner.java in Sources */ = {isa = PBXBuildFile; fileRef = AAF0825B289D18800063B3AD /* RaceWinner.java */; };
		AAF082B0289D18800063B3AD /* Retirement.java in Sources */ = {isa = PBXBuildFile; fileRef = AAF0825C289D18800063B3AD /* Retirement.java */; };
		AAF082B1289D18800063B3AD /* EventDataDetails.java in Sources */ = {isa = PBXBuildFile; fileRef = AAF0825D289D18800063B3AD /* EventDataDetails.java */; };
		AAF082B2289D18800063B3AD /* CarDamageData.java in Sources */ = {isa = PBXBuildFile; fileRef = AAF0825E289D18800063B3AD /* CarDamageData.java */; };
		AAF082B3289D18800063B3AD /* PacketLapData.java in Sources */ = {isa = PBXBuildFile; fileRef = AAF0825F289D18800063B3AD /* PacketLapData.java */; };
		AAF082B4289D18800063B3AD /* CarMotionData.java in Sources */ = {isa = PBXBuildFile; fileRef = AAF08260289D18800063B3AD /* CarMotionData.java */; };
		AAF082B5289D18800063B3AD /* PacketHeader.java in Sources */ = {isa = PBXBuildFile; fileRef = AAF08261289D18800063B3AD /* PacketHeader.java */; };
		AAF082B6289D18800063B3AD /* PacketCarDamageData.java in Sources */ = {isa = PBXBuildFile; fileRef = AAF08262289D18800063B3AD /* PacketCarDamageData.java */; };
		AAF082B7289D18800063B3AD /* CarSetupData.java in Sources */ = {isa = PBXBuildFile; fileRef = AAF08263289D18800063B3AD /* CarSetupData.java */; };
		AAF082B8289D18800063B3AD /* DriveThroughPenaltyServed.java in Sources */ = {isa = PBXBuildFile; fileRef = AAF08264289D18800063B3AD /* DriveThroughPenaltyServed.java */; };
		AAF082B9289D18800063B3AD /* PacketFinalClassificationData.java in Sources */ = {isa = PBXBuildFile; fileRef = AAF08265289D18800063B3AD /* PacketFinalClassificationData.java */; };
		AAF082BA289D18800063B3AD /* PacketCarTelemetryData.java in Sources */ = {isa = PBXBuildFile; fileRef = AAF08266289D18800063B3AD /* PacketCarTelemetryData.java */; };
		AAF082BB289D18800063B3AD /* ParticipantData.java in Sources */ = {isa = PBXBuildFile; fileRef = AAF08267289D18800063B3AD /* ParticipantData.java */; };
		AAF082BC289D18800063B3AD /* PacketSessionData.java in Sources */ = {isa = PBXBuildFile; fileRef = AAF08268289D18800063B3AD /* PacketSessionData.java */; };
		AAF082BD289D18800063B3AD /* LobbyInfoData.java in Sources */ = {isa = PBXBuildFile; fileRef = AAF08269289D18800063B3AD /* LobbyInfoData.java */; };
		AAF082BE289D18800063B3AD /* StartLIghts.java in Sources */ = {isa = PBXBuildFile; fileRef = AAF0826A289D18800063B3AD /* StartLIghts.java */; };
		AAF082BF289D18800063B3AD /* c_api.java in Sources */ = {isa = PBXBuildFile; fileRef = AAF0826B289D18800063B3AD /* c_api.java */; };
		AAF082C0289D18800063B3AD /* FinalClassificationData.java in Sources */ = {isa = PBXBuildFile; fileRef = AAF0826C289D18800063B3AD /* FinalClassificationData.java */; };
		AAF082C1289D18800063B3AD /* LapData.java in Sources */ = {isa = PBXBuildFile; fileRef = AAF0826D289D18800063B3AD /* LapData.java */; };
		AAF082C2289D18800063B3AD /* CarStatusData.java in Sources */ = {isa = PBXBuildFile; fileRef = AAF0826E289D18800063B3AD /* CarStatusData.java */; };
		AAF082C3289D18800063B3AD /* Flashback.java in Sources */ = {isa = PBXBuildFile; fileRef = AAF0826F289D18800063B3AD /* Flashback.java */; };
		AAF082C4289D18800063B3AD /* PacketCarSetupData.java in Sources */ = {isa = PBXBuildFile; fileRef = AAF08270289D18800063B3AD /* PacketCarSetupData.java */; };
		AAF082C5289D18800063B3AD /* PacketParticipantsData.java in Sources */ = {isa = PBXBuildFile; fileRef = AAF08271289D18800063B3AD /* PacketParticipantsData.java */; };
		AAF082C6289D18800063B3AD /* TyreStintHistoryData.java in Sources */ = {isa = PBXBuildFile; fileRef = AAF08272289D18800063B3AD /* TyreStintHistoryData.java */; };
		AAF082C7289D18800063B3AD /* LapHistoryData.java in Sources */ = {isa = PBXBuildFile; fileRef = AAF08273289D18800063B3AD /* LapHistoryData.java */; };
		AAF082C8289D18800063B3AD /* WeatherForecastSample.java in Sources */ = {isa = PBXBuildFile; fileRef = AAF08274289D18800063B3AD /* WeatherForecastSample.java */; };
		AAF082C9289D18800063B3AD /* RuntimeHelper.java in Sources */ = {isa = PBXBuildFile; fileRef = AAF08275289D18800063B3AD /* RuntimeHelper.java */; };
		AAF082CA289D18800063B3AD /* PacketEventData.java in Sources */ = {isa = PBXBuildFile; fileRef = AAF08276289D18800063B3AD /* PacketEventData.java */; };
		AAF082CB289D18800063B3AD /* PacketLobbyInfoData.java in Sources */ = {isa = PBXBuildFile; fileRef = AAF08277289D18800063B3AD /* PacketLobbyInfoData.java */; };
		AAF082CC289D18800063B3AD /* PacketCarStatusData.java in Sources */ = {isa = PBXBuildFile; fileRef = AAF08278289D18800063B3AD /* PacketCarStatusData.java */; };
		AAF082CD289D18800063B3AD /* wait.java in Sources */ = {isa = PBXBuildFile; fileRef = AAF08279289D18800063B3AD /* wait.java */; };
		AAF082CE289D18800063B3AD /* SpeedTrap.java in Sources */ = {isa = PBXBuildFile; fileRef = AAF0827A289D18800063B3AD /* SpeedTrap.java */; };
		AAF082CF289D18800063B3AD /* PacketMotionData.java in Sources */ = {isa = PBXBuildFile; fileRef = AAF0827C289D18800063B3AD /* PacketMotionData.java */; };
		AAF082D0289D18800063B3AD /* StopGoPenaltyServed.java in Sources */ = {isa = PBXBuildFile; fileRef = AAF0827D289D18800063B3AD /* StopGoPenaltyServed.java */; };
		AAF082D1289D18800063B3AD /* Constants$root.java in Sources */ = {isa = PBXBuildFile; fileRef = AAF0827E289D18800063B3AD /* Constants$root.java */; };
		AAF082D2289D18800063B3AD /* CarTelemetryData.java in Sources */ = {isa = PBXBuildFile; fileRef = AAF0827F289D18800063B3AD /* CarTelemetryData.java */; };
		AAF082D3289D18800063B3AD /* TeamMateInPits.java in Sources */ = {isa = PBXBuildFile; fileRef = AAF08280289D18800063B3AD /* TeamMateInPits.java */; };
		AAF082D4289D18800063B3AD /* Penalty.java in Sources */ = {isa = PBXBuildFile; fileRef = AAF08281289D18800063B3AD /* Penalty.java */; };
		AAF082D5289D18800063B3AD /* Buttons.java in Sources */ = {isa = PBXBuildFile; fileRef = AAF08282289D18800063B3AD /* Buttons.java */; };
		AAF082D6289D18800063B3AD /* MarshalZone.java in Sources */ = {isa = PBXBuildFile; fileRef = AAF08283289D18800063B3AD /* MarshalZone.java */; };
		AAF082D7289D18800063B3AD /* FastestLap.java in Sources */ = {isa = PBXBuildFile; fileRef = AAF08284289D18800063B3AD /* FastestLap.java */; };
		AAF082D8289D18800063B3AD /* PacketSessionHistoryData.java in Sources */ = {isa = PBXBuildFile; fileRef = AAF08285289D18800063B3AD /* PacketSessionHistoryData.java */; };
		AAF082D9289D18800063B3AD /* RaceWinner.java in Sources */ = {isa = PBXBuildFile; fileRef = AAF08286289D18800063B3AD /* RaceWinner.java */; };
		AAF082DA289D18800063B3AD /* Retirement.java in Sources */ = {isa = PBXBuildFile; fileRef = AAF08287289D18800063B3AD /* Retirement.java */; };
		AAF082DB289D18800063B3AD /* EventDataDetails.java in Sources */ = {isa = PBXBuildFile; fileRef = AAF08288289D18800063B3AD /* EventDataDetails.java */; };
		AAF082DC289D18800063B3AD /* CarDamageData.java in Sources */ = {isa = PBXBuildFile; fileRef = AAF08289289D18800063B3AD /* CarDamageData.java */; };
		AAF082DD289D18800063B3AD /* PacketLapData.java in Sources */ = {isa = PBXBuildFile; fileRef = AAF0828A289D18800063B3AD /* PacketLapData.java */; };
		AAF082DE289D18800063B3AD /* CarMotionData.java in Sources */ = {isa = PBXBuildFile; fileRef = AAF0828B289D18800063B3AD /* CarMotionData.java */; };
		AAF082DF289D18800063B3AD /* PacketHeader.java in Sources */ = {isa = PBXBuildFile; fileRef = AAF0828C289D18800063B3AD /* PacketHeader.java */; };
		AAF082E0289D18800063B3AD /* PacketCarDamageData.java in Sources */ = {isa = PBXBuildFile; fileRef = AAF0828D289D18800063B3AD /* PacketCarDamageData.java */; };
		AAF082E1289D18800063B3AD /* CarSetupData.java in Sources */ = {isa = PBXBuildFile; fileRef = AAF0828E289D18800063B3AD /* CarSetupData.java */; };
		AAF082E2289D18800063B3AD /* DriveThroughPenaltyServed.java in Sources */ = {isa = PBXBuildFile; fileRef = AAF0828F289D18800063B3AD /* DriveThroughPenaltyServed.java */; };
		AAF082E3289D18800063B3AD /* PacketFinalClassificationData.java in Sources */ = {isa = PBXBuildFile; fileRef = AAF08290289D18800063B3AD /* PacketFinalClassificationData.java */; };
		AAF082E4289D18800063B3AD /* PacketCarTelemetryData.java in Sources */ = {isa = PBXBuildFile; fileRef = AAF08291289D18800063B3AD /* PacketCarTelemetryData.java */; };
		AAF082E5289D18800063B3AD /* ParticipantData.java in Sources */ = {isa = PBXBuildFile; fileRef = AAF08292289D18800063B3AD /* ParticipantData.java */; };
		AAF082E6289D18800063B3AD /* PacketSessionData.java in Sources */ = {isa = PBXBuildFile; fileRef = AAF08293289D18800063B3AD /* PacketSessionData.java */; };
		AAF082E7289D18800063B3AD /* LobbyInfoData.java in Sources */ = {isa = PBXBuildFile; fileRef = AAF08294289D18800063B3AD /* LobbyInfoData.java */; };
		AAF082E8289D18800063B3AD /* StartLIghts.java in Sources */ = {isa = PBXBuildFile; fileRef = AAF08295289D18800063B3AD /* StartLIghts.java */; };
		AAF082E9289D18800063B3AD /* c_api.java in Sources */ = {isa = PBXBuildFile; fileRef = AAF08296289D18800063B3AD /* c_api.java */; };
		AAF082EA289D18800063B3AD /* FinalClassificationData.java in Sources */ = {isa = PBXBuildFile; fileRef = AAF08297289D18800063B3AD /* FinalClassificationData.java */; };
		AAF082EB289D18800063B3AD /* LapData.java in Sources */ = {isa = PBXBuildFile; fileRef = AAF08298289D18800063B3AD /* LapData.java */; };
		AAF082EC289D18800063B3AD /* CarStatusData.java in Sources */ = {isa = PBXBuildFile; fileRef = AAF08299289D18800063B3AD /* CarStatusData.java */; };
		AAF082ED289D18800063B3AD /* Flashback.java in Sources */ = {isa = PBXBuildFile; fileRef = AAF0829A289D18800063B3AD /* Flashback.java */; };
		AAF082EE289D18800063B3AD /* PacketCarSetupData.java in Sources */ = {isa = PBXBuildFile; fileRef = AAF0829B289D18800063B3AD /* PacketCarSetupData.java */; };
		AAF082EF289D18800063B3AD /* TyreStintHistoryData.java in Sources */ = {isa = PBXBuildFile; fileRef = AAF0829C289D18800063B3AD /* TyreStintHistoryData.java */; };
		AAF082F0289D18800063B3AD /* LapHistoryData.java in Sources */ = {isa = PBXBuildFile; fileRef = AAF0829D289D18800063B3AD /* LapHistoryData.java */; };
		AAF082F1289D18800063B3AD /* WeatherForecastSample.java in Sources */ = {isa = PBXBuildFile; fileRef = AAF0829E289D18800063B3AD /* WeatherForecastSample.java */; };
		AAF082F2289D18800063B3AD /* RuntimeHelper.java in Sources */ = {isa = PBXBuildFile; fileRef = AAF0829F289D18800063B3AD /* RuntimeHelper.java */; };
		AAF082F3289D18800063B3AD /* PacketEventData.java in Sources */ = {isa = PBXBuildFile; fileRef = AAF082A0289D18800063B3AD /* PacketEventData.java */; };
		AAF082F4289D18800063B3AD /* PacketLobbyInfoData.java in Sources */ = {isa = PBXBuildFile; fileRef = AAF082A1289D18800063B3AD /* PacketLobbyInfoData.java */; };
		AAF082F5289D18800063B3AD /* PacketCarStatusData.java in Sources */ = {isa = PBXBuildFile; fileRef = AAF082A2289D18800063B3AD /* PacketCarStatusData.java */; };
		AAF082F6289D18800063B3AD /* wait.java in Sources */ = {isa = PBXBuildFile; fileRef = AAF082A3289D18800063B3AD /* wait.java */; };
		AAF082F7289D18800063B3AD /* SpeedTrap.java in Sources */ = {isa = PBXBuildFile; fileRef = AAF082A4289D18800063B3AD /* SpeedTrap.java */; };
/* End PBXBuildFile section */

/* Begin PBXCopyFilesBuildPhase section */
		AABC17CA2897EAF400D65373 /* CopyFiles */ = {
			isa = PBXCopyFilesBuildPhase;
			buildActionMask = 2147483647;
			dstPath = /usr/share/man/man1/;
			dstSubfolderSpec = 0;
			files = (
			);
			runOnlyForDeploymentPostprocessing = 1;
		};
/* End PBXCopyFilesBuildPhase section */

/* Begin PBXFileReference section */
		AA6938D72897EBD800395FB9 /* README.md */ = {isa = PBXFileReference; fileEncoding = 4; lastKnownFileType = net.daringfireball.markdown; path = README.md; sourceTree = "<group>"; };
		AA6938DF2897EBD800395FB9 /* PacketLobbyInfoData.class */ = {isa = PBXFileReference; lastKnownFileType = compiled.javaclass; path = PacketLobbyInfoData.class; sourceTree = "<group>"; };
		AA6938E02897EBD800395FB9 /* CarDamageData.class */ = {isa = PBXFileReference; lastKnownFileType = compiled.javaclass; path = CarDamageData.class; sourceTree = "<group>"; };
		AA6938E12897EBD800395FB9 /* EventDataDetails$StartLIghts.class */ = {isa = PBXFileReference; lastKnownFileType = compiled.javaclass; path = EventDataDetails$StartLIghts.class; sourceTree = "<group>"; };
		AA6938E22897EBD800395FB9 /* EventDataDetails$Penalty.class */ = {isa = PBXFileReference; lastKnownFileType = compiled.javaclass; path = EventDataDetails$Penalty.class; sourceTree = "<group>"; };
		AA6938E32897EBD800395FB9 /* PacketCarDamageData.class */ = {isa = PBXFileReference; lastKnownFileType = compiled.javaclass; path = PacketCarDamageData.class; sourceTree = "<group>"; };
		AA6938E42897EBD800395FB9 /* PacketLapData.class */ = {isa = PBXFileReference; lastKnownFileType = compiled.javaclass; path = PacketLapData.class; sourceTree = "<group>"; };
		AA6938E52897EBD800395FB9 /* PacketSessionData.class */ = {isa = PBXFileReference; lastKnownFileType = compiled.javaclass; path = PacketSessionData.class; sourceTree = "<group>"; };
		AA6938E62897EBD800395FB9 /* PacketParticipantsData.class */ = {isa = PBXFileReference; lastKnownFileType = compiled.javaclass; path = PacketParticipantsData.class; sourceTree = "<group>"; };
		AA6938E72897EBD800395FB9 /* EventDataDetails$FastestLap.class */ = {isa = PBXFileReference; lastKnownFileType = compiled.javaclass; path = EventDataDetails$FastestLap.class; sourceTree = "<group>"; };
		AA6938E82897EBD800395FB9 /* PacketMotionData.class */ = {isa = PBXFileReference; lastKnownFileType = compiled.javaclass; path = PacketMotionData.class; sourceTree = "<group>"; };
		AA6938E92897EBD800395FB9 /* LobbyInfoData.class */ = {isa = PBXFileReference; lastKnownFileType = compiled.javaclass; path = LobbyInfoData.class; sourceTree = "<group>"; };
		AA6938EA2897EBD800395FB9 /* EventDataDetails$Buttons.class */ = {isa = PBXFileReference; lastKnownFileType = compiled.javaclass; path = EventDataDetails$Buttons.class; sourceTree = "<group>"; };
		AA6938EB2897EBD800395FB9 /* PacketHeader.class */ = {isa = PBXFileReference; lastKnownFileType = compiled.javaclass; path = PacketHeader.class; sourceTree = "<group>"; };
		AA6938EC2897EBD800395FB9 /* RuntimeHelper.class */ = {isa = PBXFileReference; lastKnownFileType = compiled.javaclass; path = RuntimeHelper.class; sourceTree = "<group>"; };
		AA6938ED2897EBD800395FB9 /* ParticipantData.class */ = {isa = PBXFileReference; lastKnownFileType = compiled.javaclass; path = ParticipantData.class; sourceTree = "<group>"; };
		AA6938EE2897EBD800395FB9 /* c_api.class */ = {isa = PBXFileReference; lastKnownFileType = compiled.javaclass; path = c_api.class; sourceTree = "<group>"; };
		AA6938EF2897EBD800395FB9 /* wait.class */ = {isa = PBXFileReference; lastKnownFileType = compiled.javaclass; path = wait.class; sourceTree = "<group>"; };
		AA6938F02897EBD800395FB9 /* EventDataDetails$RaceWinner.class */ = {isa = PBXFileReference; lastKnownFileType = compiled.javaclass; path = EventDataDetails$RaceWinner.class; sourceTree = "<group>"; };
		AA6938F12897EBD800395FB9 /* CarSetupData.class */ = {isa = PBXFileReference; lastKnownFileType = compiled.javaclass; path = CarSetupData.class; sourceTree = "<group>"; };
		AA6938F22897EBD800395FB9 /* EventDataDetails$TeamMateInPits.class */ = {isa = PBXFileReference; lastKnownFileType = compiled.javaclass; path = EventDataDetails$TeamMateInPits.class; sourceTree = "<group>"; };
		AA6938F32897EBD800395FB9 /* EventDataDetails$Retirement.class */ = {isa = PBXFileReference; lastKnownFileType = compiled.javaclass; path = EventDataDetails$Retirement.class; sourceTree = "<group>"; };
		AA6938F42897EBD800395FB9 /* wait$w_T.class */ = {isa = PBXFileReference; lastKnownFileType = compiled.javaclass; path = wait$w_T.class; sourceTree = "<group>"; };
		AA6938F52897EBD800395FB9 /* PacketSessionHistoryData.class */ = {isa = PBXFileReference; lastKnownFileType = compiled.javaclass; path = PacketSessionHistoryData.class; sourceTree = "<group>"; };
		AA6938F62897EBD800395FB9 /* MarshalZone.class */ = {isa = PBXFileReference; lastKnownFileType = compiled.javaclass; path = MarshalZone.class; sourceTree = "<group>"; };
		AA6938F72897EBD800395FB9 /* EventDataDetails$DriveThroughPenaltyServed.class */ = {isa = PBXFileReference; lastKnownFileType = compiled.javaclass; path = EventDataDetails$DriveThroughPenaltyServed.class; sourceTree = "<group>"; };
		AA6938F82897EBD800395FB9 /* LapHistoryData.class */ = {isa = PBXFileReference; lastKnownFileType = compiled.javaclass; path = LapHistoryData.class; sourceTree = "<group>"; };
		AA6938F92897EBD800395FB9 /* WeatherForecastSample.class */ = {isa = PBXFileReference; lastKnownFileType = compiled.javaclass; path = WeatherForecastSample.class; sourceTree = "<group>"; };
		AA6938FA2897EBD800395FB9 /* FinalClassificationData.class */ = {isa = PBXFileReference; lastKnownFileType = compiled.javaclass; path = FinalClassificationData.class; sourceTree = "<group>"; };
		AA6938FB2897EBD800395FB9 /* EventDataDetails.class */ = {isa = PBXFileReference; lastKnownFileType = compiled.javaclass; path = EventDataDetails.class; sourceTree = "<group>"; };
		AA6938FC2897EBD800395FB9 /* LapData.class */ = {isa = PBXFileReference; lastKnownFileType = compiled.javaclass; path = LapData.class; sourceTree = "<group>"; };
		AA6938FD2897EBD800395FB9 /* EventDataDetails$SpeedTrap.class */ = {isa = PBXFileReference; lastKnownFileType = compiled.javaclass; path = EventDataDetails$SpeedTrap.class; sourceTree = "<group>"; };
		AA6938FE2897EBD800395FB9 /* Constants$root.class */ = {isa = PBXFileReference; lastKnownFileType = compiled.javaclass; path = Constants$root.class; sourceTree = "<group>"; };
		AA6938FF2897EBD800395FB9 /* PacketCarStatusData.class */ = {isa = PBXFileReference; lastKnownFileType = compiled.javaclass; path = PacketCarStatusData.class; sourceTree = "<group>"; };
		AA6939002897EBD800395FB9 /* PacketEventData.class */ = {isa = PBXFileReference; lastKnownFileType = compiled.javaclass; path = PacketEventData.class; sourceTree = "<group>"; };
		AA6939012897EBD800395FB9 /* CarMotionData.class */ = {isa = PBXFileReference; lastKnownFileType = compiled.javaclass; path = CarMotionData.class; sourceTree = "<group>"; };
		AA6939022897EBD800395FB9 /* wait$w_S.class */ = {isa = PBXFileReference; lastKnownFileType = compiled.javaclass; path = wait$w_S.class; sourceTree = "<group>"; };
		AA6939032897EBD800395FB9 /* PacketCarTelemetryData.class */ = {isa = PBXFileReference; lastKnownFileType = compiled.javaclass; path = PacketCarTelemetryData.class; sourceTree = "<group>"; };
		AA6939042897EBD800395FB9 /* PacketFinalClassificationData.class */ = {isa = PBXFileReference; lastKnownFileType = compiled.javaclass; path = PacketFinalClassificationData.class; sourceTree = "<group>"; };
		AA6939052897EBD800395FB9 /* PacketCarSetupData.class */ = {isa = PBXFileReference; lastKnownFileType = compiled.javaclass; path = PacketCarSetupData.class; sourceTree = "<group>"; };
		AA6939062897EBD800395FB9 /* TyreStintHistoryData.class */ = {isa = PBXFileReference; lastKnownFileType = compiled.javaclass; path = TyreStintHistoryData.class; sourceTree = "<group>"; };
		AA6939072897EBD800395FB9 /* CarTelemetryData.class */ = {isa = PBXFileReference; lastKnownFileType = compiled.javaclass; path = CarTelemetryData.class; sourceTree = "<group>"; };
		AA6939082897EBD800395FB9 /* EventDataDetails$Flashback.class */ = {isa = PBXFileReference; lastKnownFileType = compiled.javaclass; path = EventDataDetails$Flashback.class; sourceTree = "<group>"; };
		AA6939092897EBD800395FB9 /* CarStatusData.class */ = {isa = PBXFileReference; lastKnownFileType = compiled.javaclass; path = CarStatusData.class; sourceTree = "<group>"; };
		AA69390A2897EBD800395FB9 /* EventDataDetails$StopGoPenaltyServed.class */ = {isa = PBXFileReference; lastKnownFileType = compiled.javaclass; path = EventDataDetails$StopGoPenaltyServed.class; sourceTree = "<group>"; };
		AA69390B2897EBD800395FB9 /* RuntimeHelper$VarargsInvoker.class */ = {isa = PBXFileReference; lastKnownFileType = compiled.javaclass; path = RuntimeHelper$VarargsInvoker.class; sourceTree = "<group>"; };
		AA6939102897EBD800395FB9 /* inputFiles.lst */ = {isa = PBXFileReference; fileEncoding = 4; lastKnownFileType = text; path = inputFiles.lst; sourceTree = "<group>"; };
		AA6939112897EBD800395FB9 /* createdFiles.lst */ = {isa = PBXFileReference; fileEncoding = 4; lastKnownFileType = text; path = createdFiles.lst; sourceTree = "<group>"; };
		AA6939132897EBD800395FB9 /* pom.properties */ = {isa = PBXFileReference; fileEncoding = 4; lastKnownFileType = text; path = pom.properties; sourceTree = "<group>"; };
		AA6939142897EBD800395FB9 /* f1.game.2022.07.31.jar */ = {isa = PBXFileReference; lastKnownFileType = archive.jar; path = f1.game.2022.07.31.jar; sourceTree = "<group>"; };
		AA6939152897EBD800395FB9 /* pom.xml */ = {isa = PBXFileReference; fileEncoding = 4; lastKnownFileType = text.xml; path = pom.xml; sourceTree = "<group>"; };
		AA69395A2897EBD800395FB9 /* LICENSE */ = {isa = PBXFileReference; fileEncoding = 4; lastKnownFileType = text; path = LICENSE; sourceTree = "<group>"; };
		AA69395B2897EBD800395FB9 /* Makefile */ = {isa = PBXFileReference; fileEncoding = 4; lastKnownFileType = sourcecode.make; path = Makefile; sourceTree = "<group>"; };
		AA69395D2897EBD800395FB9 /* diff.py */ = {isa = PBXFileReference; fileEncoding = 4; lastKnownFileType = text.script.python; path = diff.py; sourceTree = "<group>"; };
		AA8A5F3F28A129A30033C2A8 /* PacketParticipantsData.h */ = {isa = PBXFileReference; lastKnownFileType = sourcecode.c.h; path = PacketParticipantsData.h; sourceTree = "<group>"; };
		AABC17CC2897EAF400D65373 /* src */ = {isa = PBXFileReference; explicitFileType = "compiled.mach-o.executable"; includeInIndex = 0; path = src; sourceTree = BUILT_PRODUCTS_DIR; };
		AAF080BE289C679B0063B3AD /* PacketCarTelemetryData.h */ = {isa = PBXFileReference; lastKnownFileType = sourcecode.c.h; path = PacketCarTelemetryData.h; sourceTree = "<group>"; };
		AAF080BF289C679B0063B3AD /* TyreStintHistoryData.h */ = {isa = PBXFileReference; lastKnownFileType = sourcecode.c.h; path = TyreStintHistoryData.h; sourceTree = "<group>"; };
		AAF080C0289C679B0063B3AD /* CarMotionData.h */ = {isa = PBXFileReference; lastKnownFileType = sourcecode.c.h; path = CarMotionData.h; sourceTree = "<group>"; };
		AAF080C1289C679B0063B3AD /* MarshalZone.h */ = {isa = PBXFileReference; lastKnownFileType = sourcecode.c.h; path = MarshalZone.h; sourceTree = "<group>"; };
		AAF080C2289C679B0063B3AD /* PacketFinalClassificationData.h */ = {isa = PBXFileReference; lastKnownFileType = sourcecode.c.h; path = PacketFinalClassificationData.h; sourceTree = "<group>"; };
		AAF080C3289C679B0063B3AD /* PacketLapData.h */ = {isa = PBXFileReference; lastKnownFileType = sourcecode.c.h; path = PacketLapData.h; sourceTree = "<group>"; };
		AAF080C4289C679B0063B3AD /* PacketHeader.h */ = {isa = PBXFileReference; lastKnownFileType = sourcecode.c.h; path = PacketHeader.h; sourceTree = "<group>"; };
		AAF080C5289C679B0063B3AD /* PacketCarStatusData.h */ = {isa = PBXFileReference; lastKnownFileType = sourcecode.c.h; path = PacketCarStatusData.h; sourceTree = "<group>"; };
		AAF080C6289C679B0063B3AD /* PacketCarDamageData.h */ = {isa = PBXFileReference; lastKnownFileType = sourcecode.c.h; path = PacketCarDamageData.h; sourceTree = "<group>"; };
		AAF080C7289C679B0063B3AD /* PacketParticipantsData.h */ = {isa = PBXFileReference; lastKnownFileType = sourcecode.c.h; path = PacketParticipantsData.h; sourceTree = "<group>"; };
		AAF080C8289C679B0063B3AD /* LobbyInfoData.h */ = {isa = PBXFileReference; lastKnownFileType = sourcecode.c.h; path = LobbyInfoData.h; sourceTree = "<group>"; };
		AAF080C9289C679B0063B3AD /* FinalClassificationData.h */ = {isa = PBXFileReference; lastKnownFileType = sourcecode.c.h; path = FinalClassificationData.h; sourceTree = "<group>"; };
		AAF080CA289C679B0063B3AD /* CarTelemetryData.h */ = {isa = PBXFileReference; lastKnownFileType = sourcecode.c.h; path = CarTelemetryData.h; sourceTree = "<group>"; };
		AAF080CB289C679B0063B3AD /* PacketSessionHistoryData.h */ = {isa = PBXFileReference; lastKnownFileType = sourcecode.c.h; path = PacketSessionHistoryData.h; sourceTree = "<group>"; };
		AAF080CC289C679B0063B3AD /* EventDataDetails.h */ = {isa = PBXFileReference; lastKnownFileType = sourcecode.c.h; path = EventDataDetails.h; sourceTree = "<group>"; };
		AAF080CD289C679B0063B3AD /* PacketCarSetupData.h */ = {isa = PBXFileReference; lastKnownFileType = sourcecode.c.h; path = PacketCarSetupData.h; sourceTree = "<group>"; };
		AAF080CE289C679B0063B3AD /* PacketLobbyInfoData.h */ = {isa = PBXFileReference; lastKnownFileType = sourcecode.c.h; path = PacketLobbyInfoData.h; sourceTree = "<group>"; };
		AAF080CF289C679B0063B3AD /* PacketEventData.h */ = {isa = PBXFileReference; lastKnownFileType = sourcecode.c.h; path = PacketEventData.h; sourceTree = "<group>"; };
		AAF080D0289C679B0063B3AD /* CarDamageData.h */ = {isa = PBXFileReference; lastKnownFileType = sourcecode.c.h; path = CarDamageData.h; sourceTree = "<group>"; };
		AAF080D1289C679B0063B3AD /* LapHistoryData.h */ = {isa = PBXFileReference; lastKnownFileType = sourcecode.c.h; path = LapHistoryData.h; sourceTree = "<group>"; };
		AAF080D2289C679B0063B3AD /* CarStatusData.h */ = {isa = PBXFileReference; lastKnownFileType = sourcecode.c.h; path = CarStatusData.h; sourceTree = "<group>"; };
		AAF080D3289C679B0063B3AD /* LapData.h */ = {isa = PBXFileReference; lastKnownFileType = sourcecode.c.h; path = LapData.h; sourceTree = "<group>"; };
		AAF080D4289C679B0063B3AD /* WeatherForecastSample.h */ = {isa = PBXFileReference; lastKnownFileType = sourcecode.c.h; path = WeatherForecastSample.h; sourceTree = "<group>"; };
		AAF080D5289C679B0063B3AD /* PacketMotionData.h */ = {isa = PBXFileReference; lastKnownFileType = sourcecode.c.h; path = PacketMotionData.h; sourceTree = "<group>"; };
		AAF080D6289C679B0063B3AD /* CarSetupData.h */ = {isa = PBXFileReference; lastKnownFileType = sourcecode.c.h; path = CarSetupData.h; sourceTree = "<group>"; };
		AAF080D7289C679B0063B3AD /* PacketSessionData.h */ = {isa = PBXFileReference; lastKnownFileType = sourcecode.c.h; path = PacketSessionData.h; sourceTree = "<group>"; };
		AAF080D8289C679B0063B3AD /* ParticipantData.h */ = {isa = PBXFileReference; lastKnownFileType = sourcecode.c.h; path = ParticipantData.h; sourceTree = "<group>"; };
		AAF0811C289C68B30063B3AD /* PacketCarTelemetryData.h */ = {isa = PBXFileReference; fileEncoding = 4; lastKnownFileType = sourcecode.c.h; path = PacketCarTelemetryData.h; sourceTree = "<group>"; };
		AAF0811D289C68B30063B3AD /* TyreStintHistoryData.h */ = {isa = PBXFileReference; fileEncoding = 4; lastKnownFileType = sourcecode.c.h; path = TyreStintHistoryData.h; sourceTree = "<group>"; };
		AAF0811E289C68B30063B3AD /* CarMotionData.h */ = {isa = PBXFileReference; fileEncoding = 4; lastKnownFileType = sourcecode.c.h; path = CarMotionData.h; sourceTree = "<group>"; };
		AAF0811F289C68B30063B3AD /* MarshalZone.h */ = {isa = PBXFileReference; fileEncoding = 4; lastKnownFileType = sourcecode.c.h; path = MarshalZone.h; sourceTree = "<group>"; };
		AAF08120289C68B30063B3AD /* PacketFinalClassificationData.h */ = {isa = PBXFileReference; fileEncoding = 4; lastKnownFileType = sourcecode.c.h; path = PacketFinalClassificationData.h; sourceTree = "<group>"; };
		AAF08121289C68B30063B3AD /* PacketLapData.h */ = {isa = PBXFileReference; fileEncoding = 4; lastKnownFileType = sourcecode.c.h; path = PacketLapData.h; sourceTree = "<group>"; };
		AAF08122289C68B30063B3AD /* PacketHeader.h */ = {isa = PBXFileReference; fileEncoding = 4; lastKnownFileType = sourcecode.c.h; path = PacketHeader.h; sourceTree = "<group>"; };
		AAF08123289C68B30063B3AD /* PacketCarStatusData.h */ = {isa = PBXFileReference; fileEncoding = 4; lastKnownFileType = sourcecode.c.h; path = PacketCarStatusData.h; sourceTree = "<group>"; };
		AAF08124289C68B30063B3AD /* PacketCarDamageData.h */ = {isa = PBXFileReference; fileEncoding = 4; lastKnownFileType = sourcecode.c.h; path = PacketCarDamageData.h; sourceTree = "<group>"; };
		AAF08125289C68B30063B3AD /* PacketParticipantData.h */ = {isa = PBXFileReference; fileEncoding = 4; lastKnownFileType = sourcecode.c.h; path = PacketParticipantData.h; sourceTree = "<group>"; };
		AAF08126289C68B30063B3AD /* LobbyInfoData.h */ = {isa = PBXFileReference; fileEncoding = 4; lastKnownFileType = sourcecode.c.h; path = LobbyInfoData.h; sourceTree = "<group>"; };
		AAF08127289C68B30063B3AD /* FinalClassificationData.h */ = {isa = PBXFileReference; fileEncoding = 4; lastKnownFileType = sourcecode.c.h; path = FinalClassificationData.h; sourceTree = "<group>"; };
		AAF08128289C68B30063B3AD /* CarTelemetryData.h */ = {isa = PBXFileReference; fileEncoding = 4; lastKnownFileType = sourcecode.c.h; path = CarTelemetryData.h; sourceTree = "<group>"; };
		AAF08129289C68B30063B3AD /* PacketSessionHistoryData.h */ = {isa = PBXFileReference; fileEncoding = 4; lastKnownFileType = sourcecode.c.h; path = PacketSessionHistoryData.h; sourceTree = "<group>"; };
		AAF0812A289C68B30063B3AD /* EventDataDetails.h */ = {isa = PBXFileReference; fileEncoding = 4; lastKnownFileType = sourcecode.c.h; path = EventDataDetails.h; sourceTree = "<group>"; };
		AAF0812B289C68B30063B3AD /* PacketCarSetupData.h */ = {isa = PBXFileReference; fileEncoding = 4; lastKnownFileType = sourcecode.c.h; path = PacketCarSetupData.h; sourceTree = "<group>"; };
		AAF0812C289C68B30063B3AD /* PacketLobbyInfoData.h */ = {isa = PBXFileReference; fileEncoding = 4; lastKnownFileType = sourcecode.c.h; path = PacketLobbyInfoData.h; sourceTree = "<group>"; };
		AAF0812D289C68B30063B3AD /* PacketEventData.h */ = {isa = PBXFileReference; fileEncoding = 4; lastKnownFileType = sourcecode.c.h; path = PacketEventData.h; sourceTree = "<group>"; };
		AAF0812E289C68B30063B3AD /* CarDamageData.h */ = {isa = PBXFileReference; fileEncoding = 4; lastKnownFileType = sourcecode.c.h; path = CarDamageData.h; sourceTree = "<group>"; };
		AAF0812F289C68B30063B3AD /* LapHistoryData.h */ = {isa = PBXFileReference; fileEncoding = 4; lastKnownFileType = sourcecode.c.h; path = LapHistoryData.h; sourceTree = "<group>"; };
		AAF08130289C68B30063B3AD /* CarStatusData.h */ = {isa = PBXFileReference; fileEncoding = 4; lastKnownFileType = sourcecode.c.h; path = CarStatusData.h; sourceTree = "<group>"; };
		AAF08131289C68B30063B3AD /* LapData.h */ = {isa = PBXFileReference; fileEncoding = 4; lastKnownFileType = sourcecode.c.h; path = LapData.h; sourceTree = "<group>"; };
		AAF08132289C68B30063B3AD /* WeatherForecastSample.h */ = {isa = PBXFileReference; fileEncoding = 4; lastKnownFileType = sourcecode.c.h; path = WeatherForecastSample.h; sourceTree = "<group>"; };
		AAF08133289C68B30063B3AD /* PacketMotionData.h */ = {isa = PBXFileReference; fileEncoding = 4; lastKnownFileType = sourcecode.c.h; path = PacketMotionData.h; sourceTree = "<group>"; };
		AAF08134289C68B30063B3AD /* CarSetupData.h */ = {isa = PBXFileReference; fileEncoding = 4; lastKnownFileType = sourcecode.c.h; path = CarSetupData.h; sourceTree = "<group>"; };
		AAF08135289C68B30063B3AD /* PacketSessionData.h */ = {isa = PBXFileReference; fileEncoding = 4; lastKnownFileType = sourcecode.c.h; path = PacketSessionData.h; sourceTree = "<group>"; };
		AAF08136289C68B30063B3AD /* ParticipantData.h */ = {isa = PBXFileReference; fileEncoding = 4; lastKnownFileType = sourcecode.c.h; path = ParticipantData.h; sourceTree = "<group>"; };
		AAF081FC289CFB810063B3AD /* capi.h */ = {isa = PBXFileReference; lastKnownFileType = sourcecode.c.h; path = capi.h; sourceTree = "<group>"; };
		AAF081FD289CFC870063B3AD /* ctypedefs.h */ = {isa = PBXFileReference; lastKnownFileType = sourcecode.c.h; path = ctypedefs.h; sourceTree = "<group>"; };
		AAF08249289D09020063B3AD /* .gitignore */ = {isa = PBXFileReference; fileEncoding = 4; lastKnownFileType = text; path = .gitignore; sourceTree = "<group>"; };
		AAF08251289D18800063B3AD /* PacketMotionData.java */ = {isa = PBXFileReference; fileEncoding = 4; lastKnownFileType = sourcecode.java; path = PacketMotionData.java; sourceTree = "<group>"; };
		AAF08252289D18800063B3AD /* StopGoPenaltyServed.java */ = {isa = PBXFileReference; fileEncoding = 4; lastKnownFileType = sourcecode.java; path = StopGoPenaltyServed.java; sourceTree = "<group>"; };
		AAF08253289D18800063B3AD /* Constants$root.java */ = {isa = PBXFileReference; fileEncoding = 4; lastKnownFileType = sourcecode.java; path = Constants$root.java; sourceTree = "<group>"; };
		AAF08254289D18800063B3AD /* CarTelemetryData.java */ = {isa = PBXFileReference; fileEncoding = 4; lastKnownFileType = sourcecode.java; path = CarTelemetryData.java; sourceTree = "<group>"; };
		AAF08255289D18800063B3AD /* TeamMateInPits.java */ = {isa = PBXFileReference; fileEncoding = 4; lastKnownFileType = sourcecode.java; path = TeamMateInPits.java; sourceTree = "<group>"; };
		AAF08256289D18800063B3AD /* Penalty.java */ = {isa = PBXFileReference; fileEncoding = 4; lastKnownFileType = sourcecode.java; path = Penalty.java; sourceTree = "<group>"; };
		AAF08257289D18800063B3AD /* Buttons.java */ = {isa = PBXFileReference; fileEncoding = 4; lastKnownFileType = sourcecode.java; path = Buttons.java; sourceTree = "<group>"; };
		AAF08258289D18800063B3AD /* MarshalZone.java */ = {isa = PBXFileReference; fileEncoding = 4; lastKnownFileType = sourcecode.java; path = MarshalZone.java; sourceTree = "<group>"; };
		AAF08259289D18800063B3AD /* FastestLap.java */ = {isa = PBXFileReference; fileEncoding = 4; lastKnownFileType = sourcecode.java; path = FastestLap.java; sourceTree = "<group>"; };
		AAF0825A289D18800063B3AD /* PacketSessionHistoryData.java */ = {isa = PBXFileReference; fileEncoding = 4; lastKnownFileType = sourcecode.java; path = PacketSessionHistoryData.java; sourceTree = "<group>"; };
		AAF0825B289D18800063B3AD /* RaceWinner.java */ = {isa = PBXFileReference; fileEncoding = 4; lastKnownFileType = sourcecode.java; path = RaceWinner.java; sourceTree = "<group>"; };
		AAF0825C289D18800063B3AD /* Retirement.java */ = {isa = PBXFileReference; fileEncoding = 4; lastKnownFileType = sourcecode.java; path = Retirement.java; sourceTree = "<group>"; };
		AAF0825D289D18800063B3AD /* EventDataDetails.java */ = {isa = PBXFileReference; fileEncoding = 4; lastKnownFileType = sourcecode.java; path = EventDataDetails.java; sourceTree = "<group>"; };
		AAF0825E289D18800063B3AD /* CarDamageData.java */ = {isa = PBXFileReference; fileEncoding = 4; lastKnownFileType = sourcecode.java; path = CarDamageData.java; sourceTree = "<group>"; };
		AAF0825F289D18800063B3AD /* PacketLapData.java */ = {isa = PBXFileReference; fileEncoding = 4; lastKnownFileType = sourcecode.java; path = PacketLapData.java; sourceTree = "<group>"; };
		AAF08260289D18800063B3AD /* CarMotionData.java */ = {isa = PBXFileReference; fileEncoding = 4; lastKnownFileType = sourcecode.java; path = CarMotionData.java; sourceTree = "<group>"; };
		AAF08261289D18800063B3AD /* PacketHeader.java */ = {isa = PBXFileReference; fileEncoding = 4; lastKnownFileType = sourcecode.java; path = PacketHeader.java; sourceTree = "<group>"; };
		AAF08262289D18800063B3AD /* PacketCarDamageData.java */ = {isa = PBXFileReference; fileEncoding = 4; lastKnownFileType = sourcecode.java; path = PacketCarDamageData.java; sourceTree = "<group>"; };
		AAF08263289D18800063B3AD /* CarSetupData.java */ = {isa = PBXFileReference; fileEncoding = 4; lastKnownFileType = sourcecode.java; path = CarSetupData.java; sourceTree = "<group>"; };
		AAF08264289D18800063B3AD /* DriveThroughPenaltyServed.java */ = {isa = PBXFileReference; fileEncoding = 4; lastKnownFileType = sourcecode.java; path = DriveThroughPenaltyServed.java; sourceTree = "<group>"; };
		AAF08265289D18800063B3AD /* PacketFinalClassificationData.java */ = {isa = PBXFileReference; fileEncoding = 4; lastKnownFileType = sourcecode.java; path = PacketFinalClassificationData.java; sourceTree = "<group>"; };
		AAF08266289D18800063B3AD /* PacketCarTelemetryData.java */ = {isa = PBXFileReference; fileEncoding = 4; lastKnownFileType = sourcecode.java; path = PacketCarTelemetryData.java; sourceTree = "<group>"; };
		AAF08267289D18800063B3AD /* ParticipantData.java */ = {isa = PBXFileReference; fileEncoding = 4; lastKnownFileType = sourcecode.java; path = ParticipantData.java; sourceTree = "<group>"; };
		AAF08268289D18800063B3AD /* PacketSessionData.java */ = {isa = PBXFileReference; fileEncoding = 4; lastKnownFileType = sourcecode.java; path = PacketSessionData.java; sourceTree = "<group>"; };
		AAF08269289D18800063B3AD /* LobbyInfoData.java */ = {isa = PBXFileReference; fileEncoding = 4; lastKnownFileType = sourcecode.java; path = LobbyInfoData.java; sourceTree = "<group>"; };
		AAF0826A289D18800063B3AD /* StartLIghts.java */ = {isa = PBXFileReference; fileEncoding = 4; lastKnownFileType = sourcecode.java; path = StartLIghts.java; sourceTree = "<group>"; };
		AAF0826B289D18800063B3AD /* c_api.java */ = {isa = PBXFileReference; fileEncoding = 4; lastKnownFileType = sourcecode.java; path = c_api.java; sourceTree = "<group>"; };
		AAF0826C289D18800063B3AD /* FinalClassificationData.java */ = {isa = PBXFileReference; fileEncoding = 4; lastKnownFileType = sourcecode.java; path = FinalClassificationData.java; sourceTree = "<group>"; };
		AAF0826D289D18800063B3AD /* LapData.java */ = {isa = PBXFileReference; fileEncoding = 4; lastKnownFileType = sourcecode.java; path = LapData.java; sourceTree = "<group>"; };
		AAF0826E289D18800063B3AD /* CarStatusData.java */ = {isa = PBXFileReference; fileEncoding = 4; lastKnownFileType = sourcecode.java; path = CarStatusData.java; sourceTree = "<group>"; };
		AAF0826F289D18800063B3AD /* Flashback.java */ = {isa = PBXFileReference; fileEncoding = 4; lastKnownFileType = sourcecode.java; path = Flashback.java; sourceTree = "<group>"; };
		AAF08270289D18800063B3AD /* PacketCarSetupData.java */ = {isa = PBXFileReference; fileEncoding = 4; lastKnownFileType = sourcecode.java; path = PacketCarSetupData.java; sourceTree = "<group>"; };
		AAF08271289D18800063B3AD /* PacketParticipantsData.java */ = {isa = PBXFileReference; fileEncoding = 4; lastKnownFileType = sourcecode.java; path = PacketParticipantsData.java; sourceTree = "<group>"; };
		AAF08272289D18800063B3AD /* TyreStintHistoryData.java */ = {isa = PBXFileReference; fileEncoding = 4; lastKnownFileType = sourcecode.java; path = TyreStintHistoryData.java; sourceTree = "<group>"; };
		AAF08273289D18800063B3AD /* LapHistoryData.java */ = {isa = PBXFileReference; fileEncoding = 4; lastKnownFileType = sourcecode.java; path = LapHistoryData.java; sourceTree = "<group>"; };
		AAF08274289D18800063B3AD /* WeatherForecastSample.java */ = {isa = PBXFileReference; fileEncoding = 4; lastKnownFileType = sourcecode.java; path = WeatherForecastSample.java; sourceTree = "<group>"; };
		AAF08275289D18800063B3AD /* RuntimeHelper.java */ = {isa = PBXFileReference; fileEncoding = 4; lastKnownFileType = sourcecode.java; path = RuntimeHelper.java; sourceTree = "<group>"; };
		AAF08276289D18800063B3AD /* PacketEventData.java */ = {isa = PBXFileReference; fileEncoding = 4; lastKnownFileType = sourcecode.java; path = PacketEventData.java; sourceTree = "<group>"; };
		AAF08277289D18800063B3AD /* PacketLobbyInfoData.java */ = {isa = PBXFileReference; fileEncoding = 4; lastKnownFileType = sourcecode.java; path = PacketLobbyInfoData.java; sourceTree = "<group>"; };
		AAF08278289D18800063B3AD /* PacketCarStatusData.java */ = {isa = PBXFileReference; fileEncoding = 4; lastKnownFileType = sourcecode.java; path = PacketCarStatusData.java; sourceTree = "<group>"; };
		AAF08279289D18800063B3AD /* wait.java */ = {isa = PBXFileReference; fileEncoding = 4; lastKnownFileType = sourcecode.java; path = wait.java; sourceTree = "<group>"; };
		AAF0827A289D18800063B3AD /* SpeedTrap.java */ = {isa = PBXFileReference; fileEncoding = 4; lastKnownFileType = sourcecode.java; path = SpeedTrap.java; sourceTree = "<group>"; };
		AAF0827C289D18800063B3AD /* PacketMotionData.java */ = {isa = PBXFileReference; fileEncoding = 4; lastKnownFileType = sourcecode.java; path = PacketMotionData.java; sourceTree = "<group>"; };
		AAF0827D289D18800063B3AD /* StopGoPenaltyServed.java */ = {isa = PBXFileReference; fileEncoding = 4; lastKnownFileType = sourcecode.java; path = StopGoPenaltyServed.java; sourceTree = "<group>"; };
		AAF0827E289D18800063B3AD /* Constants$root.java */ = {isa = PBXFileReference; fileEncoding = 4; lastKnownFileType = sourcecode.java; path = Constants$root.java; sourceTree = "<group>"; };
		AAF0827F289D18800063B3AD /* CarTelemetryData.java */ = {isa = PBXFileReference; fileEncoding = 4; lastKnownFileType = sourcecode.java; path = CarTelemetryData.java; sourceTree = "<group>"; };
		AAF08280289D18800063B3AD /* TeamMateInPits.java */ = {isa = PBXFileReference; fileEncoding = 4; lastKnownFileType = sourcecode.java; path = TeamMateInPits.java; sourceTree = "<group>"; };
		AAF08281289D18800063B3AD /* Penalty.java */ = {isa = PBXFileReference; fileEncoding = 4; lastKnownFileType = sourcecode.java; path = Penalty.java; sourceTree = "<group>"; };
		AAF08282289D18800063B3AD /* Buttons.java */ = {isa = PBXFileReference; fileEncoding = 4; lastKnownFileType = sourcecode.java; path = Buttons.java; sourceTree = "<group>"; };
		AAF08283289D18800063B3AD /* MarshalZone.java */ = {isa = PBXFileReference; fileEncoding = 4; lastKnownFileType = sourcecode.java; path = MarshalZone.java; sourceTree = "<group>"; };
		AAF08284289D18800063B3AD /* FastestLap.java */ = {isa = PBXFileReference; fileEncoding = 4; lastKnownFileType = sourcecode.java; path = FastestLap.java; sourceTree = "<group>"; };
		AAF08285289D18800063B3AD /* PacketSessionHistoryData.java */ = {isa = PBXFileReference; fileEncoding = 4; lastKnownFileType = sourcecode.java; path = PacketSessionHistoryData.java; sourceTree = "<group>"; };
		AAF08286289D18800063B3AD /* RaceWinner.java */ = {isa = PBXFileReference; fileEncoding = 4; lastKnownFileType = sourcecode.java; path = RaceWinner.java; sourceTree = "<group>"; };
		AAF08287289D18800063B3AD /* Retirement.java */ = {isa = PBXFileReference; fileEncoding = 4; lastKnownFileType = sourcecode.java; path = Retirement.java; sourceTree = "<group>"; };
		AAF08288289D18800063B3AD /* EventDataDetails.java */ = {isa = PBXFileReference; fileEncoding = 4; lastKnownFileType = sourcecode.java; path = EventDataDetails.java; sourceTree = "<group>"; };
		AAF08289289D18800063B3AD /* CarDamageData.java */ = {isa = PBXFileReference; fileEncoding = 4; lastKnownFileType = sourcecode.java; path = CarDamageData.java; sourceTree = "<group>"; };
		AAF0828A289D18800063B3AD /* PacketLapData.java */ = {isa = PBXFileReference; fileEncoding = 4; lastKnownFileType = sourcecode.java; path = PacketLapData.java; sourceTree = "<group>"; };
		AAF0828B289D18800063B3AD /* CarMotionData.java */ = {isa = PBXFileReference; fileEncoding = 4; lastKnownFileType = sourcecode.java; path = CarMotionData.java; sourceTree = "<group>"; };
		AAF0828C289D18800063B3AD /* PacketHeader.java */ = {isa = PBXFileReference; fileEncoding = 4; lastKnownFileType = sourcecode.java; path = PacketHeader.java; sourceTree = "<group>"; };
		AAF0828D289D18800063B3AD /* PacketCarDamageData.java */ = {isa = PBXFileReference; fileEncoding = 4; lastKnownFileType = sourcecode.java; path = PacketCarDamageData.java; sourceTree = "<group>"; };
		AAF0828E289D18800063B3AD /* CarSetupData.java */ = {isa = PBXFileReference; fileEncoding = 4; lastKnownFileType = sourcecode.java; path = CarSetupData.java; sourceTree = "<group>"; };
		AAF0828F289D18800063B3AD /* DriveThroughPenaltyServed.java */ = {isa = PBXFileReference; fileEncoding = 4; lastKnownFileType = sourcecode.java; path = DriveThroughPenaltyServed.java; sourceTree = "<group>"; };
		AAF08290289D18800063B3AD /* PacketFinalClassificationData.java */ = {isa = PBXFileReference; fileEncoding = 4; lastKnownFileType = sourcecode.java; path = PacketFinalClassificationData.java; sourceTree = "<group>"; };
		AAF08291289D18800063B3AD /* PacketCarTelemetryData.java */ = {isa = PBXFileReference; fileEncoding = 4; lastKnownFileType = sourcecode.java; path = PacketCarTelemetryData.java; sourceTree = "<group>"; };
		AAF08292289D18800063B3AD /* ParticipantData.java */ = {isa = PBXFileReference; fileEncoding = 4; lastKnownFileType = sourcecode.java; path = ParticipantData.java; sourceTree = "<group>"; };
		AAF08293289D18800063B3AD /* PacketSessionData.java */ = {isa = PBXFileReference; fileEncoding = 4; lastKnownFileType = sourcecode.java; path = PacketSessionData.java; sourceTree = "<group>"; };
		AAF08294289D18800063B3AD /* LobbyInfoData.java */ = {isa = PBXFileReference; fileEncoding = 4; lastKnownFileType = sourcecode.java; path = LobbyInfoData.java; sourceTree = "<group>"; };
		AAF08295289D18800063B3AD /* StartLIghts.java */ = {isa = PBXFileReference; fileEncoding = 4; lastKnownFileType = sourcecode.java; path = StartLIghts.java; sourceTree = "<group>"; };
		AAF08296289D18800063B3AD /* c_api.java */ = {isa = PBXFileReference; fileEncoding = 4; lastKnownFileType = sourcecode.java; path = c_api.java; sourceTree = "<group>"; };
		AAF08297289D18800063B3AD /* FinalClassificationData.java */ = {isa = PBXFileReference; fileEncoding = 4; lastKnownFileType = sourcecode.java; path = FinalClassificationData.java; sourceTree = "<group>"; };
		AAF08298289D18800063B3AD /* LapData.java */ = {isa = PBXFileReference; fileEncoding = 4; lastKnownFileType = sourcecode.java; path = LapData.java; sourceTree = "<group>"; };
		AAF08299289D18800063B3AD /* CarStatusData.java */ = {isa = PBXFileReference; fileEncoding = 4; lastKnownFileType = sourcecode.java; path = CarStatusData.java; sourceTree = "<group>"; };
		AAF0829A289D18800063B3AD /* Flashback.java */ = {isa = PBXFileReference; fileEncoding = 4; lastKnownFileType = sourcecode.java; path = Flashback.java; sourceTree = "<group>"; };
		AAF0829B289D18800063B3AD /* PacketCarSetupData.java */ = {isa = PBXFileReference; fileEncoding = 4; lastKnownFileType = sourcecode.java; path = PacketCarSetupData.java; sourceTree = "<group>"; };
		AAF0829C289D18800063B3AD /* TyreStintHistoryData.java */ = {isa = PBXFileReference; fileEncoding = 4; lastKnownFileType = sourcecode.java; path = TyreStintHistoryData.java; sourceTree = "<group>"; };
		AAF0829D289D18800063B3AD /* LapHistoryData.java */ = {isa = PBXFileReference; fileEncoding = 4; lastKnownFileType = sourcecode.java; path = LapHistoryData.java; sourceTree = "<group>"; };
		AAF0829E289D18800063B3AD /* WeatherForecastSample.java */ = {isa = PBXFileReference; fileEncoding = 4; lastKnownFileType = sourcecode.java; path = WeatherForecastSample.java; sourceTree = "<group>"; };
		AAF0829F289D18800063B3AD /* RuntimeHelper.java */ = {isa = PBXFileReference; fileEncoding = 4; lastKnownFileType = sourcecode.java; path = RuntimeHelper.java; sourceTree = "<group>"; };
		AAF082A0289D18800063B3AD /* PacketEventData.java */ = {isa = PBXFileReference; fileEncoding = 4; lastKnownFileType = sourcecode.java; path = PacketEventData.java; sourceTree = "<group>"; };
		AAF082A1289D18800063B3AD /* PacketLobbyInfoData.java */ = {isa = PBXFileReference; fileEncoding = 4; lastKnownFileType = sourcecode.java; path = PacketLobbyInfoData.java; sourceTree = "<group>"; };
		AAF082A2289D18800063B3AD /* PacketCarStatusData.java */ = {isa = PBXFileReference; fileEncoding = 4; lastKnownFileType = sourcecode.java; path = PacketCarStatusData.java; sourceTree = "<group>"; };
		AAF082A3289D18800063B3AD /* wait.java */ = {isa = PBXFileReference; fileEncoding = 4; lastKnownFileType = sourcecode.java; path = wait.java; sourceTree = "<group>"; };
		AAF082A4289D18800063B3AD /* SpeedTrap.java */ = {isa = PBXFileReference; fileEncoding = 4; lastKnownFileType = sourcecode.java; path = SpeedTrap.java; sourceTree = "<group>"; };
/* End PBXFileReference section */

/* Begin PBXFrameworksBuildPhase section */
		AABC17C92897EAF400D65373 /* Frameworks */ = {
			isa = PBXFrameworksBuildPhase;
			buildActionMask = 2147483647;
			files = (
				AA69395E2897EBD800395FB9 /* f1.game.2022.07.31.jar in Frameworks */,
			);
			runOnlyForDeploymentPostprocessing = 0;
		};
/* End PBXFrameworksBuildPhase section */

/* Begin PBXGroup section */
		AA6938D82897EBD800395FB9 /* target */ = {
			isa = PBXGroup;
			children = (
				AA6938D92897EBD800395FB9 /* generated-sources */,
				AA6938DB2897EBD800395FB9 /* classes */,
				AA69390C2897EBD800395FB9 /* maven-status */,
				AA6939122897EBD800395FB9 /* maven-archiver */,
				AA6939142897EBD800395FB9 /* f1.game.2022.07.31.jar */,
			);
			path = target;
			sourceTree = "<group>";
		};
		AA6938D92897EBD800395FB9 /* generated-sources */ = {
			isa = PBXGroup;
			children = (
				AA6938DA2897EBD800395FB9 /* annotations */,
			);
			path = "generated-sources";
			sourceTree = "<group>";
		};
		AA6938DA2897EBD800395FB9 /* annotations */ = {
			isa = PBXGroup;
			children = (
			);
			path = annotations;
			sourceTree = "<group>";
		};
		AA6938DB2897EBD800395FB9 /* classes */ = {
			isa = PBXGroup;
			children = (
				AA6938DC2897EBD800395FB9 /* f1 */,
			);
			path = classes;
			sourceTree = "<group>";
		};
		AA6938DC2897EBD800395FB9 /* f1 */ = {
			isa = PBXGroup;
			children = (
				AA6938DD2897EBD800395FB9 /* specs */,
			);
			path = f1;
			sourceTree = "<group>";
		};
		AA6938DD2897EBD800395FB9 /* specs */ = {
			isa = PBXGroup;
			children = (
				AA6938DE2897EBD800395FB9 /* datatypes */,
			);
			path = specs;
			sourceTree = "<group>";
		};
		AA6938DE2897EBD800395FB9 /* datatypes */ = {
			isa = PBXGroup;
			children = (
				AA6938DF2897EBD800395FB9 /* PacketLobbyInfoData.class */,
				AA6938E02897EBD800395FB9 /* CarDamageData.class */,
				AA6938E12897EBD800395FB9 /* EventDataDetails$StartLIghts.class */,
				AA6938E22897EBD800395FB9 /* EventDataDetails$Penalty.class */,
				AA6938E32897EBD800395FB9 /* PacketCarDamageData.class */,
				AA6938E42897EBD800395FB9 /* PacketLapData.class */,
				AA6938E52897EBD800395FB9 /* PacketSessionData.class */,
				AA6938E62897EBD800395FB9 /* PacketParticipantsData.class */,
				AA6938E72897EBD800395FB9 /* EventDataDetails$FastestLap.class */,
				AA6938E82897EBD800395FB9 /* PacketMotionData.class */,
				AA6938E92897EBD800395FB9 /* LobbyInfoData.class */,
				AA6938EA2897EBD800395FB9 /* EventDataDetails$Buttons.class */,
				AA6938EB2897EBD800395FB9 /* PacketHeader.class */,
				AA6938EC2897EBD800395FB9 /* RuntimeHelper.class */,
				AA6938ED2897EBD800395FB9 /* ParticipantData.class */,
				AA6938EE2897EBD800395FB9 /* c_api.class */,
				AA6938EF2897EBD800395FB9 /* wait.class */,
				AA6938F02897EBD800395FB9 /* EventDataDetails$RaceWinner.class */,
				AA6938F12897EBD800395FB9 /* CarSetupData.class */,
				AA6938F22897EBD800395FB9 /* EventDataDetails$TeamMateInPits.class */,
				AA6938F32897EBD800395FB9 /* EventDataDetails$Retirement.class */,
				AA6938F42897EBD800395FB9 /* wait$w_T.class */,
				AA6938F52897EBD800395FB9 /* PacketSessionHistoryData.class */,
				AA6938F62897EBD800395FB9 /* MarshalZone.class */,
				AA6938F72897EBD800395FB9 /* EventDataDetails$DriveThroughPenaltyServed.class */,
				AA6938F82897EBD800395FB9 /* LapHistoryData.class */,
				AA6938F92897EBD800395FB9 /* WeatherForecastSample.class */,
				AA6938FA2897EBD800395FB9 /* FinalClassificationData.class */,
				AA6938FB2897EBD800395FB9 /* EventDataDetails.class */,
				AA6938FC2897EBD800395FB9 /* LapData.class */,
				AA6938FD2897EBD800395FB9 /* EventDataDetails$SpeedTrap.class */,
				AA6938FE2897EBD800395FB9 /* Constants$root.class */,
				AA6938FF2897EBD800395FB9 /* PacketCarStatusData.class */,
				AA6939002897EBD800395FB9 /* PacketEventData.class */,
				AA6939012897EBD800395FB9 /* CarMotionData.class */,
				AA6939022897EBD800395FB9 /* wait$w_S.class */,
				AA6939032897EBD800395FB9 /* PacketCarTelemetryData.class */,
				AA6939042897EBD800395FB9 /* PacketFinalClassificationData.class */,
				AA6939052897EBD800395FB9 /* PacketCarSetupData.class */,
				AA6939062897EBD800395FB9 /* TyreStintHistoryData.class */,
				AA6939072897EBD800395FB9 /* CarTelemetryData.class */,
				AA6939082897EBD800395FB9 /* EventDataDetails$Flashback.class */,
				AA6939092897EBD800395FB9 /* CarStatusData.class */,
				AA69390A2897EBD800395FB9 /* EventDataDetails$StopGoPenaltyServed.class */,
				AA69390B2897EBD800395FB9 /* RuntimeHelper$VarargsInvoker.class */,
			);
			path = datatypes;
			sourceTree = "<group>";
		};
		AA69390C2897EBD800395FB9 /* maven-status */ = {
			isa = PBXGroup;
			children = (
				AA69390D2897EBD800395FB9 /* maven-compiler-plugin */,
			);
			path = "maven-status";
			sourceTree = "<group>";
		};
		AA69390D2897EBD800395FB9 /* maven-compiler-plugin */ = {
			isa = PBXGroup;
			children = (
				AA69390E2897EBD800395FB9 /* compile */,
			);
			path = "maven-compiler-plugin";
			sourceTree = "<group>";
		};
		AA69390E2897EBD800395FB9 /* compile */ = {
			isa = PBXGroup;
			children = (
				AA69390F2897EBD800395FB9 /* default-compile */,
			);
			path = compile;
			sourceTree = "<group>";
		};
		AA69390F2897EBD800395FB9 /* default-compile */ = {
			isa = PBXGroup;
			children = (
				AA6939102897EBD800395FB9 /* inputFiles.lst */,
				AA6939112897EBD800395FB9 /* createdFiles.lst */,
			);
			path = "default-compile";
			sourceTree = "<group>";
		};
		AA6939122897EBD800395FB9 /* maven-archiver */ = {
			isa = PBXGroup;
			children = (
				AA6939132897EBD800395FB9 /* pom.properties */,
			);
			path = "maven-archiver";
			sourceTree = "<group>";
		};
		AA69395C2897EBD800395FB9 /* scripts */ = {
			isa = PBXGroup;
			children = (
				AA69395D2897EBD800395FB9 /* diff.py */,
			);
			path = scripts;
			sourceTree = "<group>";
		};
		AABC17C32897EAF400D65373 = {
			isa = PBXGroup;
			children = (
				AAF0824A289D18800063B3AD /* build */,
				AAF08249289D09020063B3AD /* .gitignore */,
				AAF080BB289C679B0063B3AD /* src */,
				AA69395C2897EBD800395FB9 /* scripts */,
				AA69395A2897EBD800395FB9 /* LICENSE */,
				AA69395B2897EBD800395FB9 /* Makefile */,
				AA6939152897EBD800395FB9 /* pom.xml */,
				AA6938D72897EBD800395FB9 /* README.md */,
				AA6938D82897EBD800395FB9 /* target */,
				AABC17CD2897EAF400D65373 /* Products */,
			);
			sourceTree = "<group>";
		};
		AABC17CD2897EAF400D65373 /* Products */ = {
			isa = PBXGroup;
			children = (
				AABC17CC2897EAF400D65373 /* src */,
			);
			name = Products;
			sourceTree = "<group>";
		};
		AAF080BB289C679B0063B3AD /* src */ = {
			isa = PBXGroup;
			children = (
				AAF080BC289C679B0063B3AD /* include */,
			);
			path = src;
			sourceTree = "<group>";
		};
		AAF080BC289C679B0063B3AD /* include */ = {
			isa = PBXGroup;
			children = (
				AAF0811B289C68B30063B3AD /* 2021 */,
				AAF080BD289C679B0063B3AD /* 2022 */,
				AAF081FC289CFB810063B3AD /* capi.h */,
				AAF081FD289CFC870063B3AD /* ctypedefs.h */,
			);
			path = include;
			sourceTree = "<group>";
		};
		AAF080BD289C679B0063B3AD /* 2022 */ = {
			isa = PBXGroup;
			children = (
				AAF080BE289C679B0063B3AD /* PacketCarTelemetryData.h */,
				AAF080BF289C679B0063B3AD /* TyreStintHistoryData.h */,
				AAF080C0289C679B0063B3AD /* CarMotionData.h */,
				AAF080C1289C679B0063B3AD /* MarshalZone.h */,
				AAF080C2289C679B0063B3AD /* PacketFinalClassificationData.h */,
				AAF080C3289C679B0063B3AD /* PacketLapData.h */,
				AAF080C4289C679B0063B3AD /* PacketHeader.h */,
				AAF080C5289C679B0063B3AD /* PacketCarStatusData.h */,
				AAF080C6289C679B0063B3AD /* PacketCarDamageData.h */,
				AAF080C7289C679B0063B3AD /* PacketParticipantsData.h */,
				AAF080C8289C679B0063B3AD /* LobbyInfoData.h */,
				AAF080C9289C679B0063B3AD /* FinalClassificationData.h */,
				AAF080CA289C679B0063B3AD /* CarTelemetryData.h */,
				AAF080CB289C679B0063B3AD /* PacketSessionHistoryData.h */,
				AAF080CC289C679B0063B3AD /* EventDataDetails.h */,
				AAF080CD289C679B0063B3AD /* PacketCarSetupData.h */,
				AAF080CE289C679B0063B3AD /* PacketLobbyInfoData.h */,
				AAF080CF289C679B0063B3AD /* PacketEventData.h */,
				AAF080D0289C679B0063B3AD /* CarDamageData.h */,
				AAF080D1289C679B0063B3AD /* LapHistoryData.h */,
				AAF080D2289C679B0063B3AD /* CarStatusData.h */,
				AAF080D3289C679B0063B3AD /* LapData.h */,
				AAF080D4289C679B0063B3AD /* WeatherForecastSample.h */,
				AAF080D5289C679B0063B3AD /* PacketMotionData.h */,
				AAF080D6289C679B0063B3AD /* CarSetupData.h */,
				AAF080D7289C679B0063B3AD /* PacketSessionData.h */,
				AAF080D8289C679B0063B3AD /* ParticipantData.h */,
			);
			path = 2022;
			sourceTree = "<group>";
		};
		AAF0811B289C68B30063B3AD /* 2021 */ = {
			isa = PBXGroup;
			children = (
				AAF0811C289C68B30063B3AD /* PacketCarTelemetryData.h */,
				AAF0811D289C68B30063B3AD /* TyreStintHistoryData.h */,
				AAF0811E289C68B30063B3AD /* CarMotionData.h */,
				AAF0811F289C68B30063B3AD /* MarshalZone.h */,
				AAF08120289C68B30063B3AD /* PacketFinalClassificationData.h */,
				AAF08121289C68B30063B3AD /* PacketLapData.h */,
				AAF08122289C68B30063B3AD /* PacketHeader.h */,
				AAF08123289C68B30063B3AD /* PacketCarStatusData.h */,
				AAF08124289C68B30063B3AD /* PacketCarDamageData.h */,
				AAF08125289C68B30063B3AD /* PacketParticipantData.h */,
				AAF08126289C68B30063B3AD /* LobbyInfoData.h */,
				AAF08127289C68B30063B3AD /* FinalClassificationData.h */,
				AAF08128289C68B30063B3AD /* CarTelemetryData.h */,
				AAF08129289C68B30063B3AD /* PacketSessionHistoryData.h */,
				AAF0812A289C68B30063B3AD /* EventDataDetails.h */,
				AAF0812B289C68B30063B3AD /* PacketCarSetupData.h */,
				AAF0812C289C68B30063B3AD /* PacketLobbyInfoData.h */,
				AAF0812D289C68B30063B3AD /* PacketEventData.h */,
				AAF0812E289C68B30063B3AD /* CarDamageData.h */,
				AAF0812F289C68B30063B3AD /* LapHistoryData.h */,
				AAF08130289C68B30063B3AD /* CarStatusData.h */,
				AAF08131289C68B30063B3AD /* LapData.h */,
				AAF08132289C68B30063B3AD /* WeatherForecastSample.h */,
				AAF08133289C68B30063B3AD /* PacketMotionData.h */,
				AAF08134289C68B30063B3AD /* CarSetupData.h */,
				AAF08135289C68B30063B3AD /* PacketSessionData.h */,
				AAF08136289C68B30063B3AD /* ParticipantData.h */,
				AA8A5F3F28A129A30033C2A8 /* PacketParticipantsData.h */,
			);
			path = 2021;
			sourceTree = "<group>";
		};
		AAF0824A289D18800063B3AD /* build */ = {
			isa = PBXGroup;
			children = (
				AAF0824B289D18800063B3AD /* src */,
			);
			path = build;
			sourceTree = "<group>";
		};
		AAF0824B289D18800063B3AD /* src */ = {
			isa = PBXGroup;
			children = (
				AAF0824C289D18800063B3AD /* main */,
			);
			path = src;
			sourceTree = "<group>";
		};
		AAF0824C289D18800063B3AD /* main */ = {
			isa = PBXGroup;
			children = (
				AAF0824D289D18800063B3AD /* java */,
			);
			path = main;
			sourceTree = "<group>";
		};
		AAF0824D289D18800063B3AD /* java */ = {
			isa = PBXGroup;
			children = (
				AAF0824E289D18800063B3AD /* f1 */,
			);
			path = java;
			sourceTree = "<group>";
		};
		AAF0824E289D18800063B3AD /* f1 */ = {
			isa = PBXGroup;
			children = (
				AAF0824F289D18800063B3AD /* cstructs */,
			);
			path = f1;
			sourceTree = "<group>";
		};
		AAF0824F289D18800063B3AD /* cstructs */ = {
			isa = PBXGroup;
			children = (
				AAF08250289D18800063B3AD /* year2022 */,
				AAF0827B289D18800063B3AD /* year2021 */,
			);
			path = cstructs;
			sourceTree = "<group>";
		};
		AAF08250289D18800063B3AD /* year2022 */ = {
			isa = PBXGroup;
			children = (
				AAF08251289D18800063B3AD /* PacketMotionData.java */,
				AAF08252289D18800063B3AD /* StopGoPenaltyServed.java */,
				AAF08253289D18800063B3AD /* Constants$root.java */,
				AAF08254289D18800063B3AD /* CarTelemetryData.java */,
				AAF08255289D18800063B3AD /* TeamMateInPits.java */,
				AAF08256289D18800063B3AD /* Penalty.java */,
				AAF08257289D18800063B3AD /* Buttons.java */,
				AAF08258289D18800063B3AD /* MarshalZone.java */,
				AAF08259289D18800063B3AD /* FastestLap.java */,
				AAF0825A289D18800063B3AD /* PacketSessionHistoryData.java */,
				AAF0825B289D18800063B3AD /* RaceWinner.java */,
				AAF0825C289D18800063B3AD /* Retirement.java */,
				AAF0825D289D18800063B3AD /* EventDataDetails.java */,
				AAF0825E289D18800063B3AD /* CarDamageData.java */,
				AAF0825F289D18800063B3AD /* PacketLapData.java */,
				AAF08260289D18800063B3AD /* CarMotionData.java */,
				AAF08261289D18800063B3AD /* PacketHeader.java */,
				AAF08262289D18800063B3AD /* PacketCarDamageData.java */,
				AAF08263289D18800063B3AD /* CarSetupData.java */,
				AAF08264289D18800063B3AD /* DriveThroughPenaltyServed.java */,
				AAF08265289D18800063B3AD /* PacketFinalClassificationData.java */,
				AAF08266289D18800063B3AD /* PacketCarTelemetryData.java */,
				AAF08267289D18800063B3AD /* ParticipantData.java */,
				AAF08268289D18800063B3AD /* PacketSessionData.java */,
				AAF08269289D18800063B3AD /* LobbyInfoData.java */,
				AAF0826A289D18800063B3AD /* StartLIghts.java */,
				AAF0826B289D18800063B3AD /* c_api.java */,
				AAF0826C289D18800063B3AD /* FinalClassificationData.java */,
				AAF0826D289D18800063B3AD /* LapData.java */,
				AAF0826E289D18800063B3AD /* CarStatusData.java */,
				AAF0826F289D18800063B3AD /* Flashback.java */,
				AAF08270289D18800063B3AD /* PacketCarSetupData.java */,
				AAF08271289D18800063B3AD /* PacketParticipantsData.java */,
				AAF08272289D18800063B3AD /* TyreStintHistoryData.java */,
				AAF08273289D18800063B3AD /* LapHistoryData.java */,
				AAF08274289D18800063B3AD /* WeatherForecastSample.java */,
				AAF08275289D18800063B3AD /* RuntimeHelper.java */,
				AAF08276289D18800063B3AD /* PacketEventData.java */,
				AAF08277289D18800063B3AD /* PacketLobbyInfoData.java */,
				AAF08278289D18800063B3AD /* PacketCarStatusData.java */,
				AAF08279289D18800063B3AD /* wait.java */,
				AAF0827A289D18800063B3AD /* SpeedTrap.java */,
			);
			path = year2022;
			sourceTree = "<group>";
		};
		AAF0827B289D18800063B3AD /* year2021 */ = {
			isa = PBXGroup;
			children = (
				AAF0827C289D18800063B3AD /* PacketMotionData.java */,
				AAF0827D289D18800063B3AD /* StopGoPenaltyServed.java */,
				AAF0827E289D18800063B3AD /* Constants$root.java */,
				AAF0827F289D18800063B3AD /* CarTelemetryData.java */,
				AAF08280289D18800063B3AD /* TeamMateInPits.java */,
				AAF08281289D18800063B3AD /* Penalty.java */,
				AAF08282289D18800063B3AD /* Buttons.java */,
				AAF08283289D18800063B3AD /* MarshalZone.java */,
				AAF08284289D18800063B3AD /* FastestLap.java */,
				AAF08285289D18800063B3AD /* PacketSessionHistoryData.java */,
				AAF08286289D18800063B3AD /* RaceWinner.java */,
				AAF08287289D18800063B3AD /* Retirement.java */,
				AAF08288289D18800063B3AD /* EventDataDetails.java */,
				AAF08289289D18800063B3AD /* CarDamageData.java */,
				AAF0828A289D18800063B3AD /* PacketLapData.java */,
				AAF0828B289D18800063B3AD /* CarMotionData.java */,
				AAF0828C289D18800063B3AD /* PacketHeader.java */,
				AAF0828D289D18800063B3AD /* PacketCarDamageData.java */,
				AAF0828E289D18800063B3AD /* CarSetupData.java */,
				AAF0828F289D18800063B3AD /* DriveThroughPenaltyServed.java */,
				AAF08290289D18800063B3AD /* PacketFinalClassificationData.java */,
				AAF08291289D18800063B3AD /* PacketCarTelemetryData.java */,
				AAF08292289D18800063B3AD /* ParticipantData.java */,
				AAF08293289D18800063B3AD /* PacketSessionData.java */,
				AAF08294289D18800063B3AD /* LobbyInfoData.java */,
				AAF08295289D18800063B3AD /* StartLIghts.java */,
				AAF08296289D18800063B3AD /* c_api.java */,
				AAF08297289D18800063B3AD /* FinalClassificationData.java */,
				AAF08298289D18800063B3AD /* LapData.java */,
				AAF08299289D18800063B3AD /* CarStatusData.java */,
				AAF0829A289D18800063B3AD /* Flashback.java */,
				AAF0829B289D18800063B3AD /* PacketCarSetupData.java */,
				AAF0829C289D18800063B3AD /* TyreStintHistoryData.java */,
				AAF0829D289D18800063B3AD /* LapHistoryData.java */,
				AAF0829E289D18800063B3AD /* WeatherForecastSample.java */,
				AAF0829F289D18800063B3AD /* RuntimeHelper.java */,
				AAF082A0289D18800063B3AD /* PacketEventData.java */,
				AAF082A1289D18800063B3AD /* PacketLobbyInfoData.java */,
				AAF082A2289D18800063B3AD /* PacketCarStatusData.java */,
				AAF082A3289D18800063B3AD /* wait.java */,
				AAF082A4289D18800063B3AD /* SpeedTrap.java */,
			);
			path = year2021;
			sourceTree = "<group>";
		};
/* End PBXGroup section */

/* Begin PBXNativeTarget section */
		AABC17CB2897EAF400D65373 /* src */ = {
			isa = PBXNativeTarget;
			buildConfigurationList = AABC17D32897EAF400D65373 /* Build configuration list for PBXNativeTarget "src" */;
			buildPhases = (
				AABC17C82897EAF400D65373 /* Sources */,
				AABC17C92897EAF400D65373 /* Frameworks */,
				AABC17CA2897EAF400D65373 /* CopyFiles */,
			);
			buildRules = (
			);
			dependencies = (
			);
			name = src;
			productName = src;
			productReference = AABC17CC2897EAF400D65373 /* src */;
			productType = "com.apple.product-type.tool";
		};
/* End PBXNativeTarget section */

/* Begin PBXProject section */
		AABC17C42897EAF400D65373 /* Project object */ = {
			isa = PBXProject;
			attributes = {
				BuildIndependentTargetsInParallel = 1;
				LastUpgradeCheck = 1320;
				TargetAttributes = {
					AABC17CB2897EAF400D65373 = {
						CreatedOnToolsVersion = 13.2.1;
					};
				};
			};
			buildConfigurationList = AABC17C72897EAF400D65373 /* Build configuration list for PBXProject "clang.f1.game" */;
			compatibilityVersion = "Xcode 13.0";
			developmentRegion = en;
			hasScannedForEncodings = 0;
			knownRegions = (
				en,
				Base,
			);
			mainGroup = AABC17C32897EAF400D65373;
			productRefGroup = AABC17CD2897EAF400D65373 /* Products */;
			projectDirPath = "";
			projectRoot = "";
			targets = (
				AABC17CB2897EAF400D65373 /* src */,
			);
		};
/* End PBXProject section */

/* Begin PBXSourcesBuildPhase section */
		AABC17C82897EAF400D65373 /* Sources */ = {
			isa = PBXSourcesBuildPhase;
			buildActionMask = 2147483647;
			files = (
				AAF082F0289D18800063B3AD /* LapHistoryData.java in Sources */,
				AAF082AC289D18800063B3AD /* MarshalZone.java in Sources */,
				AAF082F7289D18800063B3AD /* SpeedTrap.java in Sources */,
				AAF082BB289D18800063B3AD /* ParticipantData.java in Sources */,
				AAF082B2289D18800063B3AD /* CarDamageData.java in Sources */,
				AAF082D4289D18800063B3AD /* Penalty.java in Sources */,
				AAF082EF289D18800063B3AD /* TyreStintHistoryData.java in Sources */,
				AAF082C3289D18800063B3AD /* Flashback.java in Sources */,
				AAF082AE289D18800063B3AD /* PacketSessionHistoryData.java in Sources */,
				AAF082C1289D18800063B3AD /* LapData.java in Sources */,
				AAF082D1289D18800063B3AD /* Constants$root.java in Sources */,
				AA69397E2897EBD900395FB9 /* Makefile in Sources */,
				AAF082CB289D18800063B3AD /* PacketLobbyInfoData.java in Sources */,
				AAF082B3289D18800063B3AD /* PacketLapData.java in Sources */,
				AAF082B9289D18800063B3AD /* PacketFinalClassificationData.java in Sources */,
				AAF082F1289D18800063B3AD /* WeatherForecastSample.java in Sources */,
				AAF082DE289D18800063B3AD /* CarMotionData.java in Sources */,
				AAF082DB289D18800063B3AD /* EventDataDetails.java in Sources */,
				AAF082BA289D18800063B3AD /* PacketCarTelemetryData.java in Sources */,
				AAF082E2289D18800063B3AD /* DriveThroughPenaltyServed.java in Sources */,
				AAF082C4289D18800063B3AD /* PacketCarSetupData.java in Sources */,
				AAF082E1289D18800063B3AD /* CarSetupData.java in Sources */,
				AAF082DC289D18800063B3AD /* CarDamageData.java in Sources */,
				AAF082BC289D18800063B3AD /* PacketSessionData.java in Sources */,
				AAF082C7289D18800063B3AD /* LapHistoryData.java in Sources */,
				AAF082ED289D18800063B3AD /* Flashback.java in Sources */,
				AAF082D5289D18800063B3AD /* Buttons.java in Sources */,
				AAF082F6289D18800063B3AD /* wait.java in Sources */,
				AAF082CC289D18800063B3AD /* PacketCarStatusData.java in Sources */,
				AAF082AA289D18800063B3AD /* Penalty.java in Sources */,
				AABC17D02897EAF400D65373 /* (null) in Sources */,
				AAF082B8289D18800063B3AD /* DriveThroughPenaltyServed.java in Sources */,
				AAF082A8289D18800063B3AD /* CarTelemetryData.java in Sources */,
				AAF082DA289D18800063B3AD /* Retirement.java in Sources */,
				AAF082E6289D18800063B3AD /* PacketSessionData.java in Sources */,
				AAF082A6289D18800063B3AD /* StopGoPenaltyServed.java in Sources */,
				AAF082CF289D18800063B3AD /* PacketMotionData.java in Sources */,
				AAF082D7289D18800063B3AD /* FastestLap.java in Sources */,
				AAF082D8289D18800063B3AD /* PacketSessionHistoryData.java in Sources */,
				AAF082A9289D18800063B3AD /* TeamMateInPits.java in Sources */,
				AAF082B0289D18800063B3AD /* Retirement.java in Sources */,
				AAF082C0289D18800063B3AD /* FinalClassificationData.java in Sources */,
				AAF082D3289D18800063B3AD /* TeamMateInPits.java in Sources */,
				AAF082D0289D18800063B3AD /* StopGoPenaltyServed.java in Sources */,
				AAF082AD289D18800063B3AD /* FastestLap.java in Sources */,
				AAF082BE289D18800063B3AD /* StartLIghts.java in Sources */,
				AAF082BF289D18800063B3AD /* c_api.java in Sources */,
				AAF082CA289D18800063B3AD /* PacketEventData.java in Sources */,
				AAF082B4289D18800063B3AD /* CarMotionData.java in Sources */,
				AAF082C5289D18800063B3AD /* PacketParticipantsData.java in Sources */,
				AAF082F4289D18800063B3AD /* PacketLobbyInfoData.java in Sources */,
				AAF082D2289D18800063B3AD /* CarTelemetryData.java in Sources */,
				AAF082E8289D18800063B3AD /* StartLIghts.java in Sources */,
				AAF082EC289D18800063B3AD /* CarStatusData.java in Sources */,
				AAF082C2289D18800063B3AD /* CarStatusData.java in Sources */,
				AAF082AF289D18800063B3AD /* RaceWinner.java in Sources */,
				AAF082E7289D18800063B3AD /* LobbyInfoData.java in Sources */,
				AAF082C6289D18800063B3AD /* TyreStintHistoryData.java in Sources */,
				AAF082E3289D18800063B3AD /* PacketFinalClassificationData.java in Sources */,
				AAF082E4289D18800063B3AD /* PacketCarTelemetryData.java in Sources */,
				AAF082EA289D18800063B3AD /* FinalClassificationData.java in Sources */,
				AAF082CD289D18800063B3AD /* wait.java in Sources */,
				AAF082B5289D18800063B3AD /* PacketHeader.java in Sources */,
				AAF082F3289D18800063B3AD /* PacketEventData.java in Sources */,
				AAF082A5289D18800063B3AD /* PacketMotionData.java in Sources */,
				AAF082DF289D18800063B3AD /* PacketHeader.java in Sources */,
				AAF082B7289D18800063B3AD /* CarSetupData.java in Sources */,
				AAF082EE289D18800063B3AD /* PacketCarSetupData.java in Sources */,
				AAF082DD289D18800063B3AD /* PacketLapData.java in Sources */,
				AAF082E0289D18800063B3AD /* PacketCarDamageData.java in Sources */,
				AAF082E9289D18800063B3AD /* c_api.java in Sources */,
				AAF082D9289D18800063B3AD /* RaceWinner.java in Sources */,
				AAF082B1289D18800063B3AD /* EventDataDetails.java in Sources */,
				AAF082D6289D18800063B3AD /* MarshalZone.java in Sources */,
				AAF082F2289D18800063B3AD /* RuntimeHelper.java in Sources */,
				AAF082AB289D18800063B3AD /* Buttons.java in Sources */,
				AAF082EB289D18800063B3AD /* LapData.java in Sources */,
				AAF082C9289D18800063B3AD /* RuntimeHelper.java in Sources */,
				AAF082E5289D18800063B3AD /* ParticipantData.java in Sources */,
				AAF082A7289D18800063B3AD /* Constants$root.java in Sources */,
				AAF082B6289D18800063B3AD /* PacketCarDamageData.java in Sources */,
				AAF082F5289D18800063B3AD /* PacketCarStatusData.java in Sources */,
				AAF082BD289D18800063B3AD /* LobbyInfoData.java in Sources */,
				AAF082CE289D18800063B3AD /* SpeedTrap.java in Sources */,
				AAF082C8289D18800063B3AD /* WeatherForecastSample.java in Sources */,
			);
			runOnlyForDeploymentPostprocessing = 0;
		};
/* End PBXSourcesBuildPhase section */

/* Begin XCBuildConfiguration section */
		AABC17D12897EAF400D65373 /* Debug */ = {
			isa = XCBuildConfiguration;
			buildSettings = {
				ALWAYS_SEARCH_USER_PATHS = NO;
				CLANG_ANALYZER_NONNULL = YES;
				CLANG_ANALYZER_NUMBER_OBJECT_CONVERSION = YES_AGGRESSIVE;
				CLANG_CXX_LANGUAGE_STANDARD = "gnu++17";
				CLANG_CXX_LIBRARY = "libc++";
				CLANG_ENABLE_MODULES = YES;
				CLANG_ENABLE_OBJC_ARC = YES;
				CLANG_ENABLE_OBJC_WEAK = YES;
				CLANG_WARN_BLOCK_CAPTURE_AUTORELEASING = YES;
				CLANG_WARN_BOOL_CONVERSION = YES;
				CLANG_WARN_COMMA = YES;
				CLANG_WARN_CONSTANT_CONVERSION = YES;
				CLANG_WARN_DEPRECATED_OBJC_IMPLEMENTATIONS = YES;
				CLANG_WARN_DIRECT_OBJC_ISA_USAGE = YES_ERROR;
				CLANG_WARN_DOCUMENTATION_COMMENTS = YES;
				CLANG_WARN_EMPTY_BODY = YES;
				CLANG_WARN_ENUM_CONVERSION = YES;
				CLANG_WARN_INFINITE_RECURSION = YES;
				CLANG_WARN_INT_CONVERSION = YES;
				CLANG_WARN_NON_LITERAL_NULL_CONVERSION = YES;
				CLANG_WARN_OBJC_IMPLICIT_RETAIN_SELF = YES;
				CLANG_WARN_OBJC_LITERAL_CONVERSION = YES;
				CLANG_WARN_OBJC_ROOT_CLASS = YES_ERROR;
				CLANG_WARN_QUOTED_INCLUDE_IN_FRAMEWORK_HEADER = YES;
				CLANG_WARN_RANGE_LOOP_ANALYSIS = YES;
				CLANG_WARN_STRICT_PROTOTYPES = YES;
				CLANG_WARN_SUSPICIOUS_MOVE = YES;
				CLANG_WARN_UNGUARDED_AVAILABILITY = YES_AGGRESSIVE;
				CLANG_WARN_UNREACHABLE_CODE = YES;
				CLANG_WARN__DUPLICATE_METHOD_MATCH = YES;
				COPY_PHASE_STRIP = NO;
				DEBUG_INFORMATION_FORMAT = dwarf;
				ENABLE_STRICT_OBJC_MSGSEND = YES;
				ENABLE_TESTABILITY = YES;
				GCC_C_LANGUAGE_STANDARD = gnu11;
				GCC_DYNAMIC_NO_PIC = NO;
				GCC_NO_COMMON_BLOCKS = YES;
				GCC_OPTIMIZATION_LEVEL = 0;
				GCC_PREPROCESSOR_DEFINITIONS = (
					"DEBUG=1",
					"$(inherited)",
				);
				GCC_WARN_64_TO_32_BIT_CONVERSION = YES;
				GCC_WARN_ABOUT_RETURN_TYPE = YES_ERROR;
				GCC_WARN_UNDECLARED_SELECTOR = YES;
				GCC_WARN_UNINITIALIZED_AUTOS = YES_AGGRESSIVE;
				GCC_WARN_UNUSED_FUNCTION = YES;
				GCC_WARN_UNUSED_VARIABLE = YES;
				MACOSX_DEPLOYMENT_TARGET = 11.6;
				MTL_ENABLE_DEBUG_INFO = INCLUDE_SOURCE;
				MTL_FAST_MATH = YES;
				ONLY_ACTIVE_ARCH = YES;
				SDKROOT = macosx;
			};
			name = Debug;
		};
		AABC17D22897EAF400D65373 /* Release */ = {
			isa = XCBuildConfiguration;
			buildSettings = {
				ALWAYS_SEARCH_USER_PATHS = NO;
				CLANG_ANALYZER_NONNULL = YES;
				CLANG_ANALYZER_NUMBER_OBJECT_CONVERSION = YES_AGGRESSIVE;
				CLANG_CXX_LANGUAGE_STANDARD = "gnu++17";
				CLANG_CXX_LIBRARY = "libc++";
				CLANG_ENABLE_MODULES = YES;
				CLANG_ENABLE_OBJC_ARC = YES;
				CLANG_ENABLE_OBJC_WEAK = YES;
				CLANG_WARN_BLOCK_CAPTURE_AUTORELEASING = YES;
				CLANG_WARN_BOOL_CONVERSION = YES;
				CLANG_WARN_COMMA = YES;
				CLANG_WARN_CONSTANT_CONVERSION = YES;
				CLANG_WARN_DEPRECATED_OBJC_IMPLEMENTATIONS = YES;
				CLANG_WARN_DIRECT_OBJC_ISA_USAGE = YES_ERROR;
				CLANG_WARN_DOCUMENTATION_COMMENTS = YES;
				CLANG_WARN_EMPTY_BODY = YES;
				CLANG_WARN_ENUM_CONVERSION = YES;
				CLANG_WARN_INFINITE_RECURSION = YES;
				CLANG_WARN_INT_CONVERSION = YES;
				CLANG_WARN_NON_LITERAL_NULL_CONVERSION = YES;
				CLANG_WARN_OBJC_IMPLICIT_RETAIN_SELF = YES;
				CLANG_WARN_OBJC_LITERAL_CONVERSION = YES;
				CLANG_WARN_OBJC_ROOT_CLASS = YES_ERROR;
				CLANG_WARN_QUOTED_INCLUDE_IN_FRAMEWORK_HEADER = YES;
				CLANG_WARN_RANGE_LOOP_ANALYSIS = YES;
				CLANG_WARN_STRICT_PROTOTYPES = YES;
				CLANG_WARN_SUSPICIOUS_MOVE = YES;
				CLANG_WARN_UNGUARDED_AVAILABILITY = YES_AGGRESSIVE;
				CLANG_WARN_UNREACHABLE_CODE = YES;
				CLANG_WARN__DUPLICATE_METHOD_MATCH = YES;
				COPY_PHASE_STRIP = NO;
				DEBUG_INFORMATION_FORMAT = "dwarf-with-dsym";
				ENABLE_NS_ASSERTIONS = NO;
				ENABLE_STRICT_OBJC_MSGSEND = YES;
				GCC_C_LANGUAGE_STANDARD = gnu11;
				GCC_NO_COMMON_BLOCKS = YES;
				GCC_WARN_64_TO_32_BIT_CONVERSION = YES;
				GCC_WARN_ABOUT_RETURN_TYPE = YES_ERROR;
				GCC_WARN_UNDECLARED_SELECTOR = YES;
				GCC_WARN_UNINITIALIZED_AUTOS = YES_AGGRESSIVE;
				GCC_WARN_UNUSED_FUNCTION = YES;
				GCC_WARN_UNUSED_VARIABLE = YES;
				MACOSX_DEPLOYMENT_TARGET = 11.6;
				MTL_ENABLE_DEBUG_INFO = NO;
				MTL_FAST_MATH = YES;
				SDKROOT = macosx;
			};
			name = Release;
		};
		AABC17D42897EAF400D65373 /* Debug */ = {
			isa = XCBuildConfiguration;
			buildSettings = {
				CODE_SIGN_STYLE = Automatic;
				DEVELOPMENT_TEAM = A36G9WH7N8;
				ENABLE_HARDENED_RUNTIME = YES;
				PRODUCT_NAME = "$(TARGET_NAME)";
			};
			name = Debug;
		};
		AABC17D52897EAF400D65373 /* Release */ = {
			isa = XCBuildConfiguration;
			buildSettings = {
				CODE_SIGN_STYLE = Automatic;
				DEVELOPMENT_TEAM = A36G9WH7N8;
				ENABLE_HARDENED_RUNTIME = YES;
				PRODUCT_NAME = "$(TARGET_NAME)";
			};
			name = Release;
		};
/* End XCBuildConfiguration section */

/* Begin XCConfigurationList section */
		AABC17C72897EAF400D65373 /* Build configuration list for PBXProject "clang.f1.game" */ = {
			isa = XCConfigurationList;
			buildConfigurations = (
				AABC17D12897EAF400D65373 /* Debug */,
				AABC17D22897EAF400D65373 /* Release */,
			);
			defaultConfigurationIsVisible = 0;
			defaultConfigurationName = Release;
		};
		AABC17D32897EAF400D65373 /* Build configuration list for PBXNativeTarget "src" */ = {
			isa = XCConfigurationList;
			buildConfigurations = (
				AABC17D42897EAF400D65373 /* Debug */,
				AABC17D52897EAF400D65373 /* Release */,
			);
			defaultConfigurationIsVisible = 0;
			defaultConfigurationName = Release;
		};
/* End XCConfigurationList section */
	};
	rootObject = AABC17C42897EAF400D65373 /* Project object */;
}
